// !$*UTF8*$!
{
	archiveVersion = 1;
	classes = {
	};
	objectVersion = 46;
	objects = {
/* Begin PBXBuildFile section */
		2265A4A21EB26943007D6C3D /* Info.plist in Resources */ = {isa = PBXBuildFile; fileRef = 2265A4A11EB26943007D6C3D /* Info.plist */; };
		30B77DD61E66518E00EF3A78 /* ElectrodeBridgeDelegateTests.m in Sources */ = {isa = PBXBuildFile; fileRef = 30B77DD51E66518E00EF3A78 /* ElectrodeBridgeDelegateTests.m */; };
		30F8CDE41E677D7C00413247 /* ElectrodeReactNativeTests.m in Sources */ = {isa = PBXBuildFile; fileRef = 30F8CDE31E677D7C00413247 /* ElectrodeReactNativeTests.m */; };
		30F8CDEE1E67946E00413247 /* ElectrodeReactNative_Internal.h in Headers */ = {isa = PBXBuildFile; fileRef = 30F8CDED1E67946E00413247 /* ElectrodeReactNative_Internal.h */; };
		485009ED1E2FF23C009B6610 /* ElectrodeApiImpl.framework in Frameworks */ = {isa = PBXBuildFile; fileRef = 485009E31E2FF23B009B6610 /* ElectrodeApiImpl.framework */; };
		485009F21E2FF23C009B6610 /* ElectrodeApiImplTests.m in Sources */ = {isa = PBXBuildFile; fileRef = 485009F11E2FF23C009B6610 /* ElectrodeApiImplTests.m */; };
		485009F41E2FF23C009B6610 /* ElectrodeApiImpl.h in Headers */ = {isa = PBXBuildFile; fileRef = 485009E61E2FF23B009B6610 /* ElectrodeApiImpl.h */; settings = {ATTRIBUTES = (Public, ); }; };
		48500A981E2FF55B009B6610 /* ElectrodeReactNative.h in Headers */ = {isa = PBXBuildFile; fileRef = 48500A961E2FF55B009B6610 /* ElectrodeReactNative.h */; settings = {ATTRIBUTES = (Public, ); }; };
		48500A991E2FF55B009B6610 /* ElectrodeReactNative.m in Sources */ = {isa = PBXBuildFile; fileRef = 48500A971E2FF55B009B6610 /* ElectrodeReactNative.m */; };
		968333D71E54E3470031C565 /* ElectrodeBridgeDelegate.h in Headers */ = {isa = PBXBuildFile; fileRef = 968333D51E54E3470031C565 /* ElectrodeBridgeDelegate.h */; settings = {ATTRIBUTES = (Public, ); }; };
		968333D81E54E3470031C565 /* ElectrodeBridgeDelegate.m in Sources */ = {isa = PBXBuildFile; fileRef = 968333D61E54E3470031C565 /* ElectrodeBridgeDelegate.m */; };
		877BA66C8C114FFC89DC39F9 /* ElectrodeObject.swift in Sources */ = {isa = PBXBuildFile; fileRef = 89ADDAC22E7849D7A4848AA3 /* ElectrodeObject.swift */; };
		C614EF7965BA4B6EBD8B7D7A /* Bridgeable.swift in Sources */ = {isa = PBXBuildFile; fileRef = 732035776F9C46AAA3CDCDD8 /* Bridgeable.swift */; };
		A92E7E7B784C4B53A931E0D6 /* ElectrodeRequestHandlerProcessor.swift in Sources */ = {isa = PBXBuildFile; fileRef = 0F302808FA544F77A943475A /* ElectrodeRequestHandlerProcessor.swift */; };
		07AC690350BC4C1AB9F6B963 /* ElectrodeRequestProcessor.swift in Sources */ = {isa = PBXBuildFile; fileRef = 95829BF294534507832D0AC7 /* ElectrodeRequestProcessor.swift */; };
		7DA30A8F33B6469BA4F398BE /* ElectrodeUtilities.swift in Sources */ = {isa = PBXBuildFile; fileRef = BC7815C36B4F407FA0390CCF /* ElectrodeUtilities.swift */; };
		D52037F463E0494996F0C240 /* EventListenerProcessor.swift in Sources */ = {isa = PBXBuildFile; fileRef = 0AAEB7AD562744FE95CE5BDF /* EventListenerProcessor.swift */; };
		D93B2E8782AF40CB92A6C984 /* EventProcessor.swift in Sources */ = {isa = PBXBuildFile; fileRef = 2FF150B2D06944D9B740390B /* EventProcessor.swift */; };
		64F7CFA2BBE04239B3FC3BD5 /* Processor.swift in Sources */ = {isa = PBXBuildFile; fileRef = FCE2C2BA78D54FE28367CA51 /* Processor.swift */; };
		43487FC7579A40299351D37A /* None.swift in Sources */ = {isa = PBXBuildFile; fileRef = 7020F16686DF4FE4BCD5272E /* None.swift */; };
		5B914BA05A084BB0AAB8F124 /* ElectrodeBridgeEvent.m in Sources */ = {isa = PBXBuildFile; fileRef = 839E3148C7FB4CF2848A26E3 /* ElectrodeBridgeEvent.m */; };
		64FE52DBB4B34958BCF54819 /* ElectrodeBridgeFailureMessage.m in Sources */ = {isa = PBXBuildFile; fileRef = D49E02E561F94773BE7CBBD2 /* ElectrodeBridgeFailureMessage.m */; };
		2E54F26584834F2B82F84A4A /* ElectrodeBridgeHolder.m in Sources */ = {isa = PBXBuildFile; fileRef = 46C66BA89270456C9BDBC255 /* ElectrodeBridgeHolder.m */; };
		20812570B6544A318125B717 /* ElectrodeBridgeMessage.m in Sources */ = {isa = PBXBuildFile; fileRef = 1F5EEB30C122479E93AB07F3 /* ElectrodeBridgeMessage.m */; };
		537E8E557DC04F37B035E076 /* ElectrodeBridgeProtocols.m in Sources */ = {isa = PBXBuildFile; fileRef = 0705B0D3413D4D8FBA6186C8 /* ElectrodeBridgeProtocols.m */; };
		0BDE5B725B8147D9916BAB28 /* ElectrodeBridgeRequest.m in Sources */ = {isa = PBXBuildFile; fileRef = 9F1A4F71B2624436A9FBCB00 /* ElectrodeBridgeRequest.m */; };
		044D1DBA05B94BC59794DEBF /* ElectrodeBridgeResponse.m in Sources */ = {isa = PBXBuildFile; fileRef = 0F79576286E74500B29D69BC /* ElectrodeBridgeResponse.m */; };
		16B90D5D4C774FBBA11A40FF /* ElectrodeBridgeTransaction.m in Sources */ = {isa = PBXBuildFile; fileRef = C6BDDCD4D01C4BA18048DE33 /* ElectrodeBridgeTransaction.m */; };
		38C55A4951B64DCDA970F299 /* ElectrodeBridgeTransceiver.m in Sources */ = {isa = PBXBuildFile; fileRef = 4A4ACF8764AE4F639DF01E6E /* ElectrodeBridgeTransceiver.m */; };
		519C8384601D47818CDADF4D /* ElectrodeEventDispatcher.m in Sources */ = {isa = PBXBuildFile; fileRef = 556ED0A79624492CA700AD17 /* ElectrodeEventDispatcher.m */; };
		9E397A96D87544F2AD6F48C7 /* ElectrodeEventRegistrar.m in Sources */ = {isa = PBXBuildFile; fileRef = 77B9FACCF5E1479FB6A0AE42 /* ElectrodeEventRegistrar.m */; };
		6845F8C9589C472198A694E3 /* ElectrodeRequestDispatcher.m in Sources */ = {isa = PBXBuildFile; fileRef = F83565D281EA45DA82B9442F /* ElectrodeRequestDispatcher.m */; };
		7B3C29F5F9254CCA80E0BE73 /* ElectrodeRequestRegistrar.m in Sources */ = {isa = PBXBuildFile; fileRef = DE33F6DCEFF94C9791951EB5 /* ElectrodeRequestRegistrar.m */; };
		CA5AFBDAD3434136B47D8CB9 /* ElectrodeLogger.m in Sources */ = {isa = PBXBuildFile; fileRef = CEC4E873A09745AE90BF7A29 /* ElectrodeLogger.m */; };
		FD2FD2EF26A5470CABECB895 /* ElectrodeBridgeEvent.h in Headers */ = {isa = PBXBuildFile; fileRef = 7778E20ED7104267A82EAFFA /* ElectrodeBridgeEvent.h */; settings = {ATTRIBUTES = (Public, ); }; };
		3D995191E57141F8924DC4FB /* ElectrodeBridgeFailureMessage.h in Headers */ = {isa = PBXBuildFile; fileRef = 8FBBBD56B72E401E97211964 /* ElectrodeBridgeFailureMessage.h */; settings = {ATTRIBUTES = (Public, ); }; };
		D241762F6E5B4C949052A2FC /* ElectrodeBridgeHolder.h in Headers */ = {isa = PBXBuildFile; fileRef = 85B003C7E1F642A389A0D221 /* ElectrodeBridgeHolder.h */; settings = {ATTRIBUTES = (Public, ); }; };
		FE22C4032F90463DB190B4AE /* ElectrodeBridgeMessage.h in Headers */ = {isa = PBXBuildFile; fileRef = A3384D6913CF40E984DF8BAF /* ElectrodeBridgeMessage.h */; settings = {ATTRIBUTES = (Public, ); }; };
		BB8F63AC694B449D94FF6AFE /* ElectrodeBridgeProtocols.h in Headers */ = {isa = PBXBuildFile; fileRef = 1AFE07A4F9FA4CBDBADEFD64 /* ElectrodeBridgeProtocols.h */; settings = {ATTRIBUTES = (Public, ); }; };
		492AC8FDDC6F45D8ACA6A074 /* ElectrodeBridgeRequest.h in Headers */ = {isa = PBXBuildFile; fileRef = 3F0FD873D7FF41E2A98CEF8A /* ElectrodeBridgeRequest.h */; settings = {ATTRIBUTES = (Public, ); }; };
		42FF3D305A864407AF03E6D6 /* ElectrodeBridgeTransaction.h in Headers */ = {isa = PBXBuildFile; fileRef = 5E2157CE2956401F8FD4900B /* ElectrodeBridgeTransaction.h */; };
		CD0C2F0A83064E36B727EAF3 /* ElectrodeBridgeTransceiver.h in Headers */ = {isa = PBXBuildFile; fileRef = AF38104B8D7740C8ABB182A8 /* ElectrodeBridgeTransceiver.h */; };
		BA1220F5DD90492BBD594547 /* ElectrodeBridgeTransceiver_Internal.h in Headers */ = {isa = PBXBuildFile; fileRef = 6F41CDE5F09C4ABD84D0C8CE /* ElectrodeBridgeTransceiver_Internal.h */; };
		33BA641FCD5E4EF7B9A83D67 /* ElectrodeEventDispatcher.h in Headers */ = {isa = PBXBuildFile; fileRef = 0931A343165343AA878F4B5E /* ElectrodeEventDispatcher.h */; };
		664C7AB400DA48F0AFC75F6F /* ElectrodeEventRegistrar.h in Headers */ = {isa = PBXBuildFile; fileRef = F225AFB8735D4D97BCCDCC82 /* ElectrodeEventRegistrar.h */; };
		60447DB5C7554484B5A369E8 /* ElectrodeRequestDispatcher.h in Headers */ = {isa = PBXBuildFile; fileRef = 15A79BA4ADBF4AD3AC17C12A /* ElectrodeRequestDispatcher.h */; };
		33979DD8C4BB4E949F917BA3 /* ElectrodeRequestRegistrar.h in Headers */ = {isa = PBXBuildFile; fileRef = C964B8F70F69445B9CF89932 /* ElectrodeRequestRegistrar.h */; };
		F67AD492D54E42979C64A406 /* ElectrodeReactNativeBridge.h in Headers */ = {isa = PBXBuildFile; fileRef = 26883470BBC74EA6B78F5963 /* ElectrodeReactNativeBridge.h */; };
		8378C0001E154B2889E0643C /* ElectrodeBridgeResponse.h in Headers */ = {isa = PBXBuildFile; fileRef = 145D180182E24FF982B30FE5 /* ElectrodeBridgeResponse.h */; };
		88775E0D62094C5291982274 /* ElectrodeLogger.h in Headers */ = {isa = PBXBuildFile; fileRef = EC5C28FC9F8D4B5C9AC744EB /* ElectrodeLogger.h */; settings = {ATTRIBUTES = (Public, ); }; };
		80C7554B776D4248A360ED1B /* BirthYear.swift in Sources */ = {isa = PBXBuildFile; fileRef = 75A053AB555A4400A7584ACC /* BirthYear.swift */; };
		3C4B91E9982B4E11B751C55B /* Movie.swift in Sources */ = {isa = PBXBuildFile; fileRef = F5BAABA52CD34B5197482302 /* Movie.swift */; };
		A7A3501D5EF24C8A8AFCD058 /* MoviesAPI.swift in Sources */ = {isa = PBXBuildFile; fileRef = 135C73CE62494C609352EF2D /* MoviesAPI.swift */; };
		846DE72BE5B041AEA0EE5373 /* MoviesRequests.swift in Sources */ = {isa = PBXBuildFile; fileRef = 9546A20A924C4DB49725016E /* MoviesRequests.swift */; };
		A69B9E18F9D340A4A85ED818 /* Person.swift in Sources */ = {isa = PBXBuildFile; fileRef = 0FF5193ED7B04AD89BF248A9 /* Person.swift */; };
		0439F28DC0CE4600BE298AB2 /* Synopsis.swift in Sources */ = {isa = PBXBuildFile; fileRef = F9D733ECCA664122A30443FD /* Synopsis.swift */; };
		1551E058F0A7424CAB9A74A2 /* BirthYear.swift in Headers */ = {isa = PBXBuildFile; fileRef = 75A053AB555A4400A7584ACC /* BirthYear.swift */; settings = {ATTRIBUTES = (Public, ); }; };
		BA5B58DE6C11457D82773762 /* Movie.swift in Headers */ = {isa = PBXBuildFile; fileRef = F5BAABA52CD34B5197482302 /* Movie.swift */; settings = {ATTRIBUTES = (Public, ); }; };
		EA37F8FEFC5F4C8285B769C0 /* MoviesAPI.swift in Headers */ = {isa = PBXBuildFile; fileRef = 135C73CE62494C609352EF2D /* MoviesAPI.swift */; settings = {ATTRIBUTES = (Public, ); }; };
		9E9C9C99B9EF4FC4A7D3C2F7 /* MoviesRequests.swift in Headers */ = {isa = PBXBuildFile; fileRef = 9546A20A924C4DB49725016E /* MoviesRequests.swift */; settings = {ATTRIBUTES = (Public, ); }; };
		6B20B667D5B243698E2B3F8B /* Person.swift in Headers */ = {isa = PBXBuildFile; fileRef = 0FF5193ED7B04AD89BF248A9 /* Person.swift */; settings = {ATTRIBUTES = (Public, ); }; };
		5DB0BDEF1144432AB2BCA3DE /* Synopsis.swift in Headers */ = {isa = PBXBuildFile; fileRef = F9D733ECCA664122A30443FD /* Synopsis.swift */; settings = {ATTRIBUTES = (Public, ); }; };
		3064A3F77EEE4AC1ABC243EB /* libReact.a in Frameworks */ = {isa = PBXBuildFile; fileRef = F295B802ACFE4849939796F3 /* libReact.a */; };
		EE805F2A55CD4144B72D8CA7 /* libRCTActionSheet.a in Frameworks */ = {isa = PBXBuildFile; fileRef = FDD32261347845F2B3CC76BB /* libRCTActionSheet.a */; };
		433913733E9D4AEE88B726AC /* libRCTImage.a in Frameworks */ = {isa = PBXBuildFile; fileRef = E7D55C988B7B40D7A545B9B7 /* libRCTImage.a */; };
		54FA07A0F9D14DA9962A8280 /* libRCTAnimation.a in Frameworks */ = {isa = PBXBuildFile; fileRef = 4531C60FDB3F4A80B07EBA84 /* libRCTAnimation.a */; };
		EEB90920E9C6416897982EFC /* libRCTText.a in Frameworks */ = {isa = PBXBuildFile; fileRef = A510C7FE720C45A58C88BFC6 /* libRCTText.a */; };
		8D6A6428097E48FA98BD6641 /* libRCTWebSocket.a in Frameworks */ = {isa = PBXBuildFile; fileRef = 839045BB48BC45E5BD3AC07A /* libRCTWebSocket.a */; };
		A209844058B44335B6DB196B /* libRCTGeolocation.a in Frameworks */ = {isa = PBXBuildFile; fileRef = 5FB7C1B439DD4085A346A9A5 /* libRCTGeolocation.a */; };
		846DAD505A5E43F78AD0547E /* libRCTLinking.a in Frameworks */ = {isa = PBXBuildFile; fileRef = 1F932587BAE64976B851EF34 /* libRCTLinking.a */; };
		A40E29D60E234752806839C6 /* libRCTNetwork.a in Frameworks */ = {isa = PBXBuildFile; fileRef = 9893CED15DB94572B9619F72 /* libRCTNetwork.a */; };
		074FE288AE5F4F47B6771123 /* libRCTSettings.a in Frameworks */ = {isa = PBXBuildFile; fileRef = BF04E0B2FCF84CAAAC558733 /* libRCTSettings.a */; };
		B5F67CAAC1B844D2966BEEBE /* libRCTVibration.a in Frameworks */ = {isa = PBXBuildFile; fileRef = B2F0AF765DB84D8F83341659 /* libRCTVibration.a */; };
		0AAF5C55039C42329A8C67B0 /* libRCTCameraRoll.a in Frameworks */ = {isa = PBXBuildFile; fileRef = 45C4F1F25DF74E039551A258 /* libRCTCameraRoll.a */; };
		1362245CA40345DFA810D368 /* libART.a in Frameworks */ = {isa = PBXBuildFile; fileRef = 20BF29103CA8497C93BF0749 /* libART.a */; };
		3DD352915FC64451881B113C /* RequestHandlerConfig.swift in Sources */ = {isa = PBXBuildFile; fileRef = 74C7AFFD0E8F49A6A658F817 /* RequestHandlerConfig.swift */; };
		33F5AC42E5FC46D490108925 /* RequestHandlerProvider.swift in Sources */ = {isa = PBXBuildFile; fileRef = 00F5D4F5CAB042CF96470EA1 /* RequestHandlerProvider.swift */; };
		33D8D9F1B1E14259A26CD486 /* MoviesApiController.swift in Sources */ = {isa = PBXBuildFile; fileRef = 918FC3CCCC0049D2902B0815 /* MoviesApiController.swift */; };
		C7E01F57803E47108EE0212C /* MoviesApiRequestHandlerDelegate.swift in Sources */ = {isa = PBXBuildFile; fileRef = 705A7691D86C46FA8A8FB539 /* MoviesApiRequestHandlerDelegate.swift */; };
/* End PBXBuildFile section */

/* Begin PBXContainerItemProxy section */
		485009EE1E2FF23C009B6610 /* PBXContainerItemProxy */ = {
			isa = PBXContainerItemProxy;
			containerPortal = 485009DA1E2FF23B009B6610 /* Project object */;
			proxyType = 1;
			remoteGlobalIDString = 485009E21E2FF23B009B6610;
			remoteInfo = ElectrodeApiImpl;
		};
		E74FCCB9AEF1437C88E1B43C /* PBXContainerItemProxy */ = {
			isa = PBXContainerItemProxy;
			containerPortal = 77D8A9E660204008837239C6 /* React.xcodeproj */;
			proxyType = 1;
			remoteGlobalIDString = 3527AF4D3E7E4F259018E159;
			remoteInfo = React;
		};
		A6A369D376F24E5786D92766 /* PBXContainerItemProxy */ = {
			isa = PBXContainerItemProxy;
			containerPortal = 77D8A9E660204008837239C6 /* React.xcodeproj */;
			proxyType = 2;
			remoteGlobalIDString = 83CBBA2E1A601D0E00E9B192;
			remoteInfo = React;
		};
		59203837566340189DB9D530 /* PBXContainerItemProxy */ = {
			isa = PBXContainerItemProxy;
			containerPortal = 06C22F9FFE794070AC2C62AD /* RCTActionSheet.xcodeproj */;
			proxyType = 1;
			remoteGlobalIDString = D5E1D2746434489B95EB32BD;
			remoteInfo = RCTActionSheet;
		};
		C7DAD9540B2E42EABC85FC0B /* PBXContainerItemProxy */ = {
			isa = PBXContainerItemProxy;
			containerPortal = 06C22F9FFE794070AC2C62AD /* RCTActionSheet.xcodeproj */;
			proxyType = 2;
			remoteGlobalIDString = 134814201AA4EA6300B7C361;
			remoteInfo = RCTActionSheet;
		};
		FF3E9A92F98D460D8354C04B /* PBXContainerItemProxy */ = {
			isa = PBXContainerItemProxy;
			containerPortal = 41D4F299E82748FF940A86EC /* RCTImage.xcodeproj */;
			proxyType = 1;
			remoteGlobalIDString = CB1811215BDA4851B4D09196;
			remoteInfo = RCTImage;
		};
		67EAA01954CC44369FACC506 /* PBXContainerItemProxy */ = {
			isa = PBXContainerItemProxy;
			containerPortal = 41D4F299E82748FF940A86EC /* RCTImage.xcodeproj */;
			proxyType = 2;
			remoteGlobalIDString = 58B5115D1A9E6B3D00147676;
			remoteInfo = RCTImage;
		};
		85A6EF9A52B94D4CA96B6CFB /* PBXContainerItemProxy */ = {
			isa = PBXContainerItemProxy;
			containerPortal = 1F658522EDA442A0A027B336 /* RCTAnimation.xcodeproj */;
			proxyType = 1;
			remoteGlobalIDString = 0FD07D334E2644B4A51CA238;
			remoteInfo = RCTAnimation;
		};
		AA9407D04890440BBC54B836 /* PBXContainerItemProxy */ = {
			isa = PBXContainerItemProxy;
			containerPortal = 1F658522EDA442A0A027B336 /* RCTAnimation.xcodeproj */;
			proxyType = 2;
			remoteGlobalIDString = 134814201AA4EA6300B7C361;
			remoteInfo = RCTAnimation;
		};
		924861D353B34A7283BC3FE6 /* PBXContainerItemProxy */ = {
			isa = PBXContainerItemProxy;
			containerPortal = 458013A16E8449CC86C3154D /* RCTText.xcodeproj */;
			proxyType = 1;
			remoteGlobalIDString = EEA8D108E3654F2FB805CA1D;
			remoteInfo = RCTText;
		};
		6802C333228D4F6DA8C1B357 /* PBXContainerItemProxy */ = {
			isa = PBXContainerItemProxy;
			containerPortal = 458013A16E8449CC86C3154D /* RCTText.xcodeproj */;
			proxyType = 2;
			remoteGlobalIDString = 58B5119B1A9E6C1200147676;
			remoteInfo = RCTText;
		};
		222F8665F9B246EB8B57B6B0 /* PBXContainerItemProxy */ = {
			isa = PBXContainerItemProxy;
			containerPortal = 814CDB41711145B1A0C2F4F6 /* RCTWebSocket.xcodeproj */;
			proxyType = 1;
			remoteGlobalIDString = C7EE41C36E6940D9A88218F5;
			remoteInfo = RCTWebSocket;
		};
		D4293F42B5494D048DA2A352 /* PBXContainerItemProxy */ = {
			isa = PBXContainerItemProxy;
			containerPortal = 814CDB41711145B1A0C2F4F6 /* RCTWebSocket.xcodeproj */;
			proxyType = 2;
			remoteGlobalIDString = 3C86DF461ADF2C930047B81A;
			remoteInfo = RCTWebSocket;
		};
		F9EC5A0F3F64489C88FF02DD /* PBXContainerItemProxy */ = {
			isa = PBXContainerItemProxy;
			containerPortal = BF3A4BFD7C56450A9D9F6C2B /* RCTGeolocation.xcodeproj */;
			proxyType = 1;
			remoteGlobalIDString = 524D0EE866B4495E99C7D44F;
			remoteInfo = RCTGeolocation;
		};
		CD9BD4DABEBC43CDB2AB0AEA /* PBXContainerItemProxy */ = {
			isa = PBXContainerItemProxy;
			containerPortal = BF3A4BFD7C56450A9D9F6C2B /* RCTGeolocation.xcodeproj */;
			proxyType = 2;
			remoteGlobalIDString = 134814201AA4EA6300B7C361;
			remoteInfo = RCTGeolocation;
		};
		3CC212149E224118B87B6523 /* PBXContainerItemProxy */ = {
			isa = PBXContainerItemProxy;
			containerPortal = 4E30AF26BB7E4650ABF789B0 /* RCTLinking.xcodeproj */;
			proxyType = 1;
			remoteGlobalIDString = AC068F9C11F5402DAECE59DF;
			remoteInfo = RCTLinking;
		};
		6849E88F67584F6091F904B0 /* PBXContainerItemProxy */ = {
			isa = PBXContainerItemProxy;
			containerPortal = 4E30AF26BB7E4650ABF789B0 /* RCTLinking.xcodeproj */;
			proxyType = 2;
			remoteGlobalIDString = 134814201AA4EA6300B7C361;
			remoteInfo = RCTLinking;
		};
		FDB86C72014E49B99598DE31 /* PBXContainerItemProxy */ = {
			isa = PBXContainerItemProxy;
			containerPortal = 66396A710EA14A6EABAC9BF4 /* RCTNetwork.xcodeproj */;
			proxyType = 1;
			remoteGlobalIDString = A7DA76B1FC7B4268A75FD71F;
			remoteInfo = RCTNetwork;
		};
		0C935AAF059249FAADA5DF5C /* PBXContainerItemProxy */ = {
			isa = PBXContainerItemProxy;
			containerPortal = 66396A710EA14A6EABAC9BF4 /* RCTNetwork.xcodeproj */;
			proxyType = 2;
			remoteGlobalIDString = 58B511DB1A9E6C8500147676;
			remoteInfo = RCTNetwork;
		};
		6C1A5F4CF2724036B742337D /* PBXContainerItemProxy */ = {
			isa = PBXContainerItemProxy;
			containerPortal = C3984D2CC07042A18616834D /* RCTSettings.xcodeproj */;
			proxyType = 1;
			remoteGlobalIDString = C4316CAB7F9847F4AE6042FF;
			remoteInfo = RCTSettings;
		};
		1205CC02F6AF418EB179D700 /* PBXContainerItemProxy */ = {
			isa = PBXContainerItemProxy;
			containerPortal = C3984D2CC07042A18616834D /* RCTSettings.xcodeproj */;
			proxyType = 2;
			remoteGlobalIDString = 134814201AA4EA6300B7C361;
			remoteInfo = RCTSettings;
		};
		4CFD3665B66047FFACD4DC25 /* PBXContainerItemProxy */ = {
			isa = PBXContainerItemProxy;
			containerPortal = 99EA85153F1C48DEBE38486B /* RCTVibration.xcodeproj */;
			proxyType = 1;
			remoteGlobalIDString = 8FB3C1F59EDE44828C8014E8;
			remoteInfo = RCTVibration;
		};
		D7321250300D43ADA33E9D31 /* PBXContainerItemProxy */ = {
			isa = PBXContainerItemProxy;
			containerPortal = 99EA85153F1C48DEBE38486B /* RCTVibration.xcodeproj */;
			proxyType = 2;
			remoteGlobalIDString = 832C81801AAF6DEF007FA2F7;
			remoteInfo = RCTVibration;
		};
		B14E4937559C4DFDBE2E1E46 /* PBXContainerItemProxy */ = {
			isa = PBXContainerItemProxy;
			containerPortal = 887C000937FA4A869EE9FF77 /* RCTCameraRoll.xcodeproj */;
			proxyType = 1;
			remoteGlobalIDString = 3098FB8ED76244B198A3E4CF;
			remoteInfo = RCTCameraRoll;
		};
		15FBB373167F4F78BA5DE607 /* PBXContainerItemProxy */ = {
			isa = PBXContainerItemProxy;
			containerPortal = 887C000937FA4A869EE9FF77 /* RCTCameraRoll.xcodeproj */;
			proxyType = 2;
			remoteGlobalIDString = 58B5115D1A9E6B3D00147676;
			remoteInfo = RCTCameraRoll;
		};
		9989EE93BC324DCA9286E666 /* PBXContainerItemProxy */ = {
			isa = PBXContainerItemProxy;
			containerPortal = AF4908B961BA443CA19966CB /* ART.xcodeproj */;
			proxyType = 1;
			remoteGlobalIDString = 5C25DF18D84F4D8E92513DF6;
			remoteInfo = ART;
		};
		25FF3E1DC7244D9FB80A2436 /* PBXContainerItemProxy */ = {
			isa = PBXContainerItemProxy;
			containerPortal = AF4908B961BA443CA19966CB /* ART.xcodeproj */;
			proxyType = 2;
			remoteGlobalIDString = 0CF68AC11AF0540F00FF9E5C;
			remoteInfo = ART;
		};
/* End PBXContainerItemProxy section */

/* Begin PBXFileReference section */
		2265A4A11EB26943007D6C3D /* Info.plist */ = {isa = PBXFileReference; fileEncoding = 4; lastKnownFileType = text.plist.xml; path = Info.plist; sourceTree = "<group>"; };
		30B77DD51E66518E00EF3A78 /* ElectrodeBridgeDelegateTests.m */ = {isa = PBXFileReference; fileEncoding = 4; lastKnownFileType = sourcecode.c.objc; path = ElectrodeBridgeDelegateTests.m; sourceTree = "<group>"; };
		30F8CDE31E677D7C00413247 /* ElectrodeReactNativeTests.m */ = {isa = PBXFileReference; fileEncoding = 4; lastKnownFileType = sourcecode.c.objc; path = ElectrodeReactNativeTests.m; sourceTree = "<group>"; };
		30F8CDED1E67946E00413247 /* ElectrodeReactNative_Internal.h */ = {isa = PBXFileReference; fileEncoding = 4; lastKnownFileType = sourcecode.c.h; path = ElectrodeReactNative_Internal.h; sourceTree = "<group>"; };
		485009E31E2FF23B009B6610 /* ElectrodeApiImpl.framework */ = {isa = PBXFileReference; explicitFileType = wrapper.framework; includeInIndex = 0; path = ElectrodeApiImpl.framework; sourceTree = BUILT_PRODUCTS_DIR; };
		485009E61E2FF23B009B6610 /* ElectrodeApiImpl.h */ = {isa = PBXFileReference; lastKnownFileType = sourcecode.c.h; path = ElectrodeApiImpl.h; sourceTree = "<group>"; };
		485009EC1E2FF23C009B6610 /* ElectrodeApiImplTests.xctest */ = {isa = PBXFileReference; explicitFileType = wrapper.cfbundle; includeInIndex = 0; path = ElectrodeApiImplTests.xctest; sourceTree = BUILT_PRODUCTS_DIR; };
		485009F11E2FF23C009B6610 /* ElectrodeApiImplTests.m */ = {isa = PBXFileReference; lastKnownFileType = sourcecode.c.objc; path = ElectrodeApiImplTests.m; sourceTree = "<group>"; };
		485009F31E2FF23C009B6610 /* Info.plist */ = {isa = PBXFileReference; lastKnownFileType = text.plist.xml; path = Info.plist; sourceTree = "<group>"; };
		48500A961E2FF55B009B6610 /* ElectrodeReactNative.h */ = {isa = PBXFileReference; fileEncoding = 4; lastKnownFileType = sourcecode.c.h; path = ElectrodeReactNative.h; sourceTree = "<group>"; };
		48500A971E2FF55B009B6610 /* ElectrodeReactNative.m */ = {isa = PBXFileReference; fileEncoding = 4; lastKnownFileType = sourcecode.c.objc; path = ElectrodeReactNative.m; sourceTree = "<group>"; };
		968333D51E54E3470031C565 /* ElectrodeBridgeDelegate.h */ = {isa = PBXFileReference; fileEncoding = 4; lastKnownFileType = sourcecode.c.h; path = ElectrodeBridgeDelegate.h; sourceTree = "<group>"; };
		968333D61E54E3470031C565 /* ElectrodeBridgeDelegate.m */ = {isa = PBXFileReference; fileEncoding = 4; lastKnownFileType = sourcecode.c.objc; path = ElectrodeBridgeDelegate.m; sourceTree = "<group>"; };
		89ADDAC22E7849D7A4848AA3 /* ElectrodeObject.swift */ = {isa = PBXFileReference; name = "ElectrodeObject.swift"; path = "ElectrodeReactNativeBridge/ElectrodeObject.swift"; sourceTree = "<group>"; fileEncoding = 4; lastKnownFileType = sourcecode.swift; explicitFileType = undefined; includeInIndex = 0; };
		732035776F9C46AAA3CDCDD8 /* Bridgeable.swift */ = {isa = PBXFileReference; name = "Bridgeable.swift"; path = "ElectrodeReactNativeBridge/Bridgeable.swift"; sourceTree = "<group>"; fileEncoding = 4; lastKnownFileType = sourcecode.swift; explicitFileType = undefined; includeInIndex = 0; };
		0F302808FA544F77A943475A /* ElectrodeRequestHandlerProcessor.swift */ = {isa = PBXFileReference; name = "ElectrodeRequestHandlerProcessor.swift"; path = "ElectrodeReactNativeBridge/ElectrodeRequestHandlerProcessor.swift"; sourceTree = "<group>"; fileEncoding = 4; lastKnownFileType = sourcecode.swift; explicitFileType = undefined; includeInIndex = 0; };
		95829BF294534507832D0AC7 /* ElectrodeRequestProcessor.swift */ = {isa = PBXFileReference; name = "ElectrodeRequestProcessor.swift"; path = "ElectrodeReactNativeBridge/ElectrodeRequestProcessor.swift"; sourceTree = "<group>"; fileEncoding = 4; lastKnownFileType = sourcecode.swift; explicitFileType = undefined; includeInIndex = 0; };
		BC7815C36B4F407FA0390CCF /* ElectrodeUtilities.swift */ = {isa = PBXFileReference; name = "ElectrodeUtilities.swift"; path = "ElectrodeReactNativeBridge/ElectrodeUtilities.swift"; sourceTree = "<group>"; fileEncoding = 4; lastKnownFileType = sourcecode.swift; explicitFileType = undefined; includeInIndex = 0; };
		0AAEB7AD562744FE95CE5BDF /* EventListenerProcessor.swift */ = {isa = PBXFileReference; name = "EventListenerProcessor.swift"; path = "ElectrodeReactNativeBridge/EventListenerProcessor.swift"; sourceTree = "<group>"; fileEncoding = 4; lastKnownFileType = sourcecode.swift; explicitFileType = undefined; includeInIndex = 0; };
		2FF150B2D06944D9B740390B /* EventProcessor.swift */ = {isa = PBXFileReference; name = "EventProcessor.swift"; path = "ElectrodeReactNativeBridge/EventProcessor.swift"; sourceTree = "<group>"; fileEncoding = 4; lastKnownFileType = sourcecode.swift; explicitFileType = undefined; includeInIndex = 0; };
		FCE2C2BA78D54FE28367CA51 /* Processor.swift */ = {isa = PBXFileReference; name = "Processor.swift"; path = "ElectrodeReactNativeBridge/Processor.swift"; sourceTree = "<group>"; fileEncoding = 4; lastKnownFileType = sourcecode.swift; explicitFileType = undefined; includeInIndex = 0; };
		7020F16686DF4FE4BCD5272E /* None.swift */ = {isa = PBXFileReference; name = "None.swift"; path = "ElectrodeReactNativeBridge/None.swift"; sourceTree = "<group>"; fileEncoding = 4; lastKnownFileType = sourcecode.swift; explicitFileType = undefined; includeInIndex = 0; };
		839E3148C7FB4CF2848A26E3 /* ElectrodeBridgeEvent.m */ = {isa = PBXFileReference; name = "ElectrodeBridgeEvent.m"; path = "ElectrodeReactNativeBridge/ElectrodeBridgeEvent.m"; sourceTree = "<group>"; fileEncoding = 4; lastKnownFileType = sourcecode.c.objc; explicitFileType = undefined; includeInIndex = 0; };
		D49E02E561F94773BE7CBBD2 /* ElectrodeBridgeFailureMessage.m */ = {isa = PBXFileReference; name = "ElectrodeBridgeFailureMessage.m"; path = "ElectrodeReactNativeBridge/ElectrodeBridgeFailureMessage.m"; sourceTree = "<group>"; fileEncoding = 4; lastKnownFileType = sourcecode.c.objc; explicitFileType = undefined; includeInIndex = 0; };
		46C66BA89270456C9BDBC255 /* ElectrodeBridgeHolder.m */ = {isa = PBXFileReference; name = "ElectrodeBridgeHolder.m"; path = "ElectrodeReactNativeBridge/ElectrodeBridgeHolder.m"; sourceTree = "<group>"; fileEncoding = 4; lastKnownFileType = sourcecode.c.objc; explicitFileType = undefined; includeInIndex = 0; };
		1F5EEB30C122479E93AB07F3 /* ElectrodeBridgeMessage.m */ = {isa = PBXFileReference; name = "ElectrodeBridgeMessage.m"; path = "ElectrodeReactNativeBridge/ElectrodeBridgeMessage.m"; sourceTree = "<group>"; fileEncoding = 4; lastKnownFileType = sourcecode.c.objc; explicitFileType = undefined; includeInIndex = 0; };
		0705B0D3413D4D8FBA6186C8 /* ElectrodeBridgeProtocols.m */ = {isa = PBXFileReference; name = "ElectrodeBridgeProtocols.m"; path = "ElectrodeReactNativeBridge/ElectrodeBridgeProtocols.m"; sourceTree = "<group>"; fileEncoding = 4; lastKnownFileType = sourcecode.c.objc; explicitFileType = undefined; includeInIndex = 0; };
		9F1A4F71B2624436A9FBCB00 /* ElectrodeBridgeRequest.m */ = {isa = PBXFileReference; name = "ElectrodeBridgeRequest.m"; path = "ElectrodeReactNativeBridge/ElectrodeBridgeRequest.m"; sourceTree = "<group>"; fileEncoding = 4; lastKnownFileType = sourcecode.c.objc; explicitFileType = undefined; includeInIndex = 0; };
		0F79576286E74500B29D69BC /* ElectrodeBridgeResponse.m */ = {isa = PBXFileReference; name = "ElectrodeBridgeResponse.m"; path = "ElectrodeReactNativeBridge/ElectrodeBridgeResponse.m"; sourceTree = "<group>"; fileEncoding = 4; lastKnownFileType = sourcecode.c.objc; explicitFileType = undefined; includeInIndex = 0; };
		C6BDDCD4D01C4BA18048DE33 /* ElectrodeBridgeTransaction.m */ = {isa = PBXFileReference; name = "ElectrodeBridgeTransaction.m"; path = "ElectrodeReactNativeBridge/ElectrodeBridgeTransaction.m"; sourceTree = "<group>"; fileEncoding = 4; lastKnownFileType = sourcecode.c.objc; explicitFileType = undefined; includeInIndex = 0; };
		4A4ACF8764AE4F639DF01E6E /* ElectrodeBridgeTransceiver.m */ = {isa = PBXFileReference; name = "ElectrodeBridgeTransceiver.m"; path = "ElectrodeReactNativeBridge/ElectrodeBridgeTransceiver.m"; sourceTree = "<group>"; fileEncoding = 4; lastKnownFileType = sourcecode.c.objc; explicitFileType = undefined; includeInIndex = 0; };
		556ED0A79624492CA700AD17 /* ElectrodeEventDispatcher.m */ = {isa = PBXFileReference; name = "ElectrodeEventDispatcher.m"; path = "ElectrodeReactNativeBridge/ElectrodeEventDispatcher.m"; sourceTree = "<group>"; fileEncoding = 4; lastKnownFileType = sourcecode.c.objc; explicitFileType = undefined; includeInIndex = 0; };
		77B9FACCF5E1479FB6A0AE42 /* ElectrodeEventRegistrar.m */ = {isa = PBXFileReference; name = "ElectrodeEventRegistrar.m"; path = "ElectrodeReactNativeBridge/ElectrodeEventRegistrar.m"; sourceTree = "<group>"; fileEncoding = 4; lastKnownFileType = sourcecode.c.objc; explicitFileType = undefined; includeInIndex = 0; };
		F83565D281EA45DA82B9442F /* ElectrodeRequestDispatcher.m */ = {isa = PBXFileReference; name = "ElectrodeRequestDispatcher.m"; path = "ElectrodeReactNativeBridge/ElectrodeRequestDispatcher.m"; sourceTree = "<group>"; fileEncoding = 4; lastKnownFileType = sourcecode.c.objc; explicitFileType = undefined; includeInIndex = 0; };
		DE33F6DCEFF94C9791951EB5 /* ElectrodeRequestRegistrar.m */ = {isa = PBXFileReference; name = "ElectrodeRequestRegistrar.m"; path = "ElectrodeReactNativeBridge/ElectrodeRequestRegistrar.m"; sourceTree = "<group>"; fileEncoding = 4; lastKnownFileType = sourcecode.c.objc; explicitFileType = undefined; includeInIndex = 0; };
		CEC4E873A09745AE90BF7A29 /* ElectrodeLogger.m */ = {isa = PBXFileReference; name = "ElectrodeLogger.m"; path = "ElectrodeReactNativeBridge/ElectrodeLogger.m"; sourceTree = "<group>"; fileEncoding = 4; lastKnownFileType = sourcecode.c.objc; explicitFileType = undefined; includeInIndex = 0; };
		7778E20ED7104267A82EAFFA /* ElectrodeBridgeEvent.h */ = {isa = PBXFileReference; name = "ElectrodeBridgeEvent.h"; path = "ElectrodeReactNativeBridge/ElectrodeBridgeEvent.h"; sourceTree = "<group>"; fileEncoding = 4; lastKnownFileType = sourcecode.c.h; explicitFileType = undefined; includeInIndex = 0; };
		8FBBBD56B72E401E97211964 /* ElectrodeBridgeFailureMessage.h */ = {isa = PBXFileReference; name = "ElectrodeBridgeFailureMessage.h"; path = "ElectrodeReactNativeBridge/ElectrodeBridgeFailureMessage.h"; sourceTree = "<group>"; fileEncoding = 4; lastKnownFileType = sourcecode.c.h; explicitFileType = undefined; includeInIndex = 0; };
		85B003C7E1F642A389A0D221 /* ElectrodeBridgeHolder.h */ = {isa = PBXFileReference; name = "ElectrodeBridgeHolder.h"; path = "ElectrodeReactNativeBridge/ElectrodeBridgeHolder.h"; sourceTree = "<group>"; fileEncoding = 4; lastKnownFileType = sourcecode.c.h; explicitFileType = undefined; includeInIndex = 0; };
		A3384D6913CF40E984DF8BAF /* ElectrodeBridgeMessage.h */ = {isa = PBXFileReference; name = "ElectrodeBridgeMessage.h"; path = "ElectrodeReactNativeBridge/ElectrodeBridgeMessage.h"; sourceTree = "<group>"; fileEncoding = 4; lastKnownFileType = sourcecode.c.h; explicitFileType = undefined; includeInIndex = 0; };
		1AFE07A4F9FA4CBDBADEFD64 /* ElectrodeBridgeProtocols.h */ = {isa = PBXFileReference; name = "ElectrodeBridgeProtocols.h"; path = "ElectrodeReactNativeBridge/ElectrodeBridgeProtocols.h"; sourceTree = "<group>"; fileEncoding = 4; lastKnownFileType = sourcecode.c.h; explicitFileType = undefined; includeInIndex = 0; };
		3F0FD873D7FF41E2A98CEF8A /* ElectrodeBridgeRequest.h */ = {isa = PBXFileReference; name = "ElectrodeBridgeRequest.h"; path = "ElectrodeReactNativeBridge/ElectrodeBridgeRequest.h"; sourceTree = "<group>"; fileEncoding = 4; lastKnownFileType = sourcecode.c.h; explicitFileType = undefined; includeInIndex = 0; };
		5E2157CE2956401F8FD4900B /* ElectrodeBridgeTransaction.h */ = {isa = PBXFileReference; name = "ElectrodeBridgeTransaction.h"; path = "ElectrodeReactNativeBridge/ElectrodeBridgeTransaction.h"; sourceTree = "<group>"; fileEncoding = 4; lastKnownFileType = sourcecode.c.h; explicitFileType = undefined; includeInIndex = 0; };
		AF38104B8D7740C8ABB182A8 /* ElectrodeBridgeTransceiver.h */ = {isa = PBXFileReference; name = "ElectrodeBridgeTransceiver.h"; path = "ElectrodeReactNativeBridge/ElectrodeBridgeTransceiver.h"; sourceTree = "<group>"; fileEncoding = 4; lastKnownFileType = sourcecode.c.h; explicitFileType = undefined; includeInIndex = 0; };
		6F41CDE5F09C4ABD84D0C8CE /* ElectrodeBridgeTransceiver_Internal.h */ = {isa = PBXFileReference; name = "ElectrodeBridgeTransceiver_Internal.h"; path = "ElectrodeReactNativeBridge/ElectrodeBridgeTransceiver_Internal.h"; sourceTree = "<group>"; fileEncoding = 4; lastKnownFileType = sourcecode.c.h; explicitFileType = undefined; includeInIndex = 0; };
		0931A343165343AA878F4B5E /* ElectrodeEventDispatcher.h */ = {isa = PBXFileReference; name = "ElectrodeEventDispatcher.h"; path = "ElectrodeReactNativeBridge/ElectrodeEventDispatcher.h"; sourceTree = "<group>"; fileEncoding = 4; lastKnownFileType = sourcecode.c.h; explicitFileType = undefined; includeInIndex = 0; };
		F225AFB8735D4D97BCCDCC82 /* ElectrodeEventRegistrar.h */ = {isa = PBXFileReference; name = "ElectrodeEventRegistrar.h"; path = "ElectrodeReactNativeBridge/ElectrodeEventRegistrar.h"; sourceTree = "<group>"; fileEncoding = 4; lastKnownFileType = sourcecode.c.h; explicitFileType = undefined; includeInIndex = 0; };
		15A79BA4ADBF4AD3AC17C12A /* ElectrodeRequestDispatcher.h */ = {isa = PBXFileReference; name = "ElectrodeRequestDispatcher.h"; path = "ElectrodeReactNativeBridge/ElectrodeRequestDispatcher.h"; sourceTree = "<group>"; fileEncoding = 4; lastKnownFileType = sourcecode.c.h; explicitFileType = undefined; includeInIndex = 0; };
		C964B8F70F69445B9CF89932 /* ElectrodeRequestRegistrar.h */ = {isa = PBXFileReference; name = "ElectrodeRequestRegistrar.h"; path = "ElectrodeReactNativeBridge/ElectrodeRequestRegistrar.h"; sourceTree = "<group>"; fileEncoding = 4; lastKnownFileType = sourcecode.c.h; explicitFileType = undefined; includeInIndex = 0; };
		26883470BBC74EA6B78F5963 /* ElectrodeReactNativeBridge.h */ = {isa = PBXFileReference; name = "ElectrodeReactNativeBridge.h"; path = "ElectrodeReactNativeBridge/ElectrodeReactNativeBridge.h"; sourceTree = "<group>"; fileEncoding = 4; lastKnownFileType = sourcecode.c.h; explicitFileType = undefined; includeInIndex = 0; };
		145D180182E24FF982B30FE5 /* ElectrodeBridgeResponse.h */ = {isa = PBXFileReference; name = "ElectrodeBridgeResponse.h"; path = "ElectrodeReactNativeBridge/ElectrodeBridgeResponse.h"; sourceTree = "<group>"; fileEncoding = 4; lastKnownFileType = sourcecode.c.h; explicitFileType = undefined; includeInIndex = 0; };
		EC5C28FC9F8D4B5C9AC744EB /* ElectrodeLogger.h */ = {isa = PBXFileReference; name = "ElectrodeLogger.h"; path = "ElectrodeReactNativeBridge/ElectrodeLogger.h"; sourceTree = "<group>"; fileEncoding = 4; lastKnownFileType = sourcecode.c.h; explicitFileType = undefined; includeInIndex = 0; };
		75A053AB555A4400A7584ACC /* BirthYear.swift */ = {isa = PBXFileReference; name = "BirthYear.swift"; path = "APIs/BirthYear.swift"; sourceTree = "<group>"; fileEncoding = 4; lastKnownFileType = sourcecode.swift; explicitFileType = undefined; includeInIndex = 0; fileRef = 75A053AB555A4400A7584ACC; basename = BirthYear.swift; target = undefined; uuid = 1551E058F0A7424CAB9A74A2; settings = {ATTRIBUTES = (Public, ); }; };
		F5BAABA52CD34B5197482302 /* Movie.swift */ = {isa = PBXFileReference; name = "Movie.swift"; path = "APIs/Movie.swift"; sourceTree = "<group>"; fileEncoding = 4; lastKnownFileType = sourcecode.swift; explicitFileType = undefined; includeInIndex = 0; fileRef = F5BAABA52CD34B5197482302; basename = Movie.swift; target = undefined; uuid = BA5B58DE6C11457D82773762; settings = {ATTRIBUTES = (Public, ); }; };
		135C73CE62494C609352EF2D /* MoviesAPI.swift */ = {isa = PBXFileReference; name = "MoviesAPI.swift"; path = "APIs/MoviesAPI.swift"; sourceTree = "<group>"; fileEncoding = 4; lastKnownFileType = sourcecode.swift; explicitFileType = undefined; includeInIndex = 0; fileRef = 135C73CE62494C609352EF2D; basename = MoviesAPI.swift; target = undefined; uuid = EA37F8FEFC5F4C8285B769C0; settings = {ATTRIBUTES = (Public, ); }; };
		9546A20A924C4DB49725016E /* MoviesRequests.swift */ = {isa = PBXFileReference; name = "MoviesRequests.swift"; path = "APIs/MoviesRequests.swift"; sourceTree = "<group>"; fileEncoding = 4; lastKnownFileType = sourcecode.swift; explicitFileType = undefined; includeInIndex = 0; fileRef = 9546A20A924C4DB49725016E; basename = MoviesRequests.swift; target = undefined; uuid = 9E9C9C99B9EF4FC4A7D3C2F7; settings = {ATTRIBUTES = (Public, ); }; };
		0FF5193ED7B04AD89BF248A9 /* Person.swift */ = {isa = PBXFileReference; name = "Person.swift"; path = "APIs/Person.swift"; sourceTree = "<group>"; fileEncoding = 4; lastKnownFileType = sourcecode.swift; explicitFileType = undefined; includeInIndex = 0; fileRef = 0FF5193ED7B04AD89BF248A9; basename = Person.swift; target = undefined; uuid = 6B20B667D5B243698E2B3F8B; settings = {ATTRIBUTES = (Public, ); }; };
		F9D733ECCA664122A30443FD /* Synopsis.swift */ = {isa = PBXFileReference; name = "Synopsis.swift"; path = "APIs/Synopsis.swift"; sourceTree = "<group>"; fileEncoding = 4; lastKnownFileType = sourcecode.swift; explicitFileType = undefined; includeInIndex = 0; fileRef = F9D733ECCA664122A30443FD; basename = Synopsis.swift; target = undefined; uuid = 5DB0BDEF1144432AB2BCA3DE; settings = {ATTRIBUTES = (Public, ); }; };
		77D8A9E660204008837239C6 /* React.xcodeproj */ = {isa = PBXFileReference; name = "React.xcodeproj"; path = "ReactNative/React/React.xcodeproj"; sourceTree = "<group>"; fileEncoding = undefined; lastKnownFileType = wrapper.pb-project; explicitFileType = undefined; includeInIndex = 0; };
		F295B802ACFE4849939796F3 /* libReact.a */ = {isa = PBXFileReference; name = "libReact.a"; path = "libReact.a"; sourceTree = "<group>"; fileEncoding = undefined; lastKnownFileType = archive.ar; explicitFileType = undefined; includeInIndex = 0; };
		06C22F9FFE794070AC2C62AD /* RCTActionSheet.xcodeproj */ = {isa = PBXFileReference; name = "RCTActionSheet.xcodeproj"; path = "ReactNative/ActionSheetIOS/RCTActionSheet.xcodeproj"; sourceTree = "<group>"; fileEncoding = undefined; lastKnownFileType = wrapper.pb-project; explicitFileType = undefined; includeInIndex = 0; };
		FDD32261347845F2B3CC76BB /* libRCTActionSheet.a */ = {isa = PBXFileReference; name = "libRCTActionSheet.a"; path = "libRCTActionSheet.a"; sourceTree = "<group>"; fileEncoding = undefined; lastKnownFileType = archive.ar; explicitFileType = undefined; includeInIndex = 0; };
		41D4F299E82748FF940A86EC /* RCTImage.xcodeproj */ = {isa = PBXFileReference; name = "RCTImage.xcodeproj"; path = "ReactNative/Image/RCTImage.xcodeproj"; sourceTree = "<group>"; fileEncoding = undefined; lastKnownFileType = wrapper.pb-project; explicitFileType = undefined; includeInIndex = 0; };
		E7D55C988B7B40D7A545B9B7 /* libRCTImage.a */ = {isa = PBXFileReference; name = "libRCTImage.a"; path = "libRCTImage.a"; sourceTree = "<group>"; fileEncoding = undefined; lastKnownFileType = archive.ar; explicitFileType = undefined; includeInIndex = 0; };
		1F658522EDA442A0A027B336 /* RCTAnimation.xcodeproj */ = {isa = PBXFileReference; name = "RCTAnimation.xcodeproj"; path = "ReactNative/NativeAnimation/RCTAnimation.xcodeproj"; sourceTree = "<group>"; fileEncoding = undefined; lastKnownFileType = wrapper.pb-project; explicitFileType = undefined; includeInIndex = 0; };
		4531C60FDB3F4A80B07EBA84 /* libRCTAnimation.a */ = {isa = PBXFileReference; name = "libRCTAnimation.a"; path = "libRCTAnimation.a"; sourceTree = "<group>"; fileEncoding = undefined; lastKnownFileType = archive.ar; explicitFileType = undefined; includeInIndex = 0; };
		458013A16E8449CC86C3154D /* RCTText.xcodeproj */ = {isa = PBXFileReference; name = "RCTText.xcodeproj"; path = "ReactNative/Text/RCTText.xcodeproj"; sourceTree = "<group>"; fileEncoding = undefined; lastKnownFileType = wrapper.pb-project; explicitFileType = undefined; includeInIndex = 0; };
		A510C7FE720C45A58C88BFC6 /* libRCTText.a */ = {isa = PBXFileReference; name = "libRCTText.a"; path = "libRCTText.a"; sourceTree = "<group>"; fileEncoding = undefined; lastKnownFileType = archive.ar; explicitFileType = undefined; includeInIndex = 0; };
		814CDB41711145B1A0C2F4F6 /* RCTWebSocket.xcodeproj */ = {isa = PBXFileReference; name = "RCTWebSocket.xcodeproj"; path = "ReactNative/WebSocket/RCTWebSocket.xcodeproj"; sourceTree = "<group>"; fileEncoding = undefined; lastKnownFileType = wrapper.pb-project; explicitFileType = undefined; includeInIndex = 0; };
		839045BB48BC45E5BD3AC07A /* libRCTWebSocket.a */ = {isa = PBXFileReference; name = "libRCTWebSocket.a"; path = "libRCTWebSocket.a"; sourceTree = "<group>"; fileEncoding = undefined; lastKnownFileType = archive.ar; explicitFileType = undefined; includeInIndex = 0; };
		BF3A4BFD7C56450A9D9F6C2B /* RCTGeolocation.xcodeproj */ = {isa = PBXFileReference; name = "RCTGeolocation.xcodeproj"; path = "ReactNative/Geolocation/RCTGeolocation.xcodeproj"; sourceTree = "<group>"; fileEncoding = undefined; lastKnownFileType = wrapper.pb-project; explicitFileType = undefined; includeInIndex = 0; };
		5FB7C1B439DD4085A346A9A5 /* libRCTGeolocation.a */ = {isa = PBXFileReference; name = "libRCTGeolocation.a"; path = "libRCTGeolocation.a"; sourceTree = "<group>"; fileEncoding = undefined; lastKnownFileType = archive.ar; explicitFileType = undefined; includeInIndex = 0; };
		4E30AF26BB7E4650ABF789B0 /* RCTLinking.xcodeproj */ = {isa = PBXFileReference; name = "RCTLinking.xcodeproj"; path = "ReactNative/LinkingIOS/RCTLinking.xcodeproj"; sourceTree = "<group>"; fileEncoding = undefined; lastKnownFileType = wrapper.pb-project; explicitFileType = undefined; includeInIndex = 0; };
		1F932587BAE64976B851EF34 /* libRCTLinking.a */ = {isa = PBXFileReference; name = "libRCTLinking.a"; path = "libRCTLinking.a"; sourceTree = "<group>"; fileEncoding = undefined; lastKnownFileType = archive.ar; explicitFileType = undefined; includeInIndex = 0; };
		66396A710EA14A6EABAC9BF4 /* RCTNetwork.xcodeproj */ = {isa = PBXFileReference; name = "RCTNetwork.xcodeproj"; path = "ReactNative/Network/RCTNetwork.xcodeproj"; sourceTree = "<group>"; fileEncoding = undefined; lastKnownFileType = wrapper.pb-project; explicitFileType = undefined; includeInIndex = 0; };
		9893CED15DB94572B9619F72 /* libRCTNetwork.a */ = {isa = PBXFileReference; name = "libRCTNetwork.a"; path = "libRCTNetwork.a"; sourceTree = "<group>"; fileEncoding = undefined; lastKnownFileType = archive.ar; explicitFileType = undefined; includeInIndex = 0; };
		C3984D2CC07042A18616834D /* RCTSettings.xcodeproj */ = {isa = PBXFileReference; name = "RCTSettings.xcodeproj"; path = "ReactNative/Settings/RCTSettings.xcodeproj"; sourceTree = "<group>"; fileEncoding = undefined; lastKnownFileType = wrapper.pb-project; explicitFileType = undefined; includeInIndex = 0; };
		BF04E0B2FCF84CAAAC558733 /* libRCTSettings.a */ = {isa = PBXFileReference; name = "libRCTSettings.a"; path = "libRCTSettings.a"; sourceTree = "<group>"; fileEncoding = undefined; lastKnownFileType = archive.ar; explicitFileType = undefined; includeInIndex = 0; };
		99EA85153F1C48DEBE38486B /* RCTVibration.xcodeproj */ = {isa = PBXFileReference; name = "RCTVibration.xcodeproj"; path = "ReactNative/Vibration/RCTVibration.xcodeproj"; sourceTree = "<group>"; fileEncoding = undefined; lastKnownFileType = wrapper.pb-project; explicitFileType = undefined; includeInIndex = 0; };
		B2F0AF765DB84D8F83341659 /* libRCTVibration.a */ = {isa = PBXFileReference; name = "libRCTVibration.a"; path = "libRCTVibration.a"; sourceTree = "<group>"; fileEncoding = undefined; lastKnownFileType = archive.ar; explicitFileType = undefined; includeInIndex = 0; };
		887C000937FA4A869EE9FF77 /* RCTCameraRoll.xcodeproj */ = {isa = PBXFileReference; name = "RCTCameraRoll.xcodeproj"; path = "ReactNative/CameraRoll/RCTCameraRoll.xcodeproj"; sourceTree = "<group>"; fileEncoding = undefined; lastKnownFileType = wrapper.pb-project; explicitFileType = undefined; includeInIndex = 0; };
		45C4F1F25DF74E039551A258 /* libRCTCameraRoll.a */ = {isa = PBXFileReference; name = "libRCTCameraRoll.a"; path = "libRCTCameraRoll.a"; sourceTree = "<group>"; fileEncoding = undefined; lastKnownFileType = archive.ar; explicitFileType = undefined; includeInIndex = 0; };
		AF4908B961BA443CA19966CB /* ART.xcodeproj */ = {isa = PBXFileReference; name = "ART.xcodeproj"; path = "ReactNative/ART/ART.xcodeproj"; sourceTree = "<group>"; fileEncoding = undefined; lastKnownFileType = wrapper.pb-project; explicitFileType = undefined; includeInIndex = 0; };
		20BF29103CA8497C93BF0749 /* libART.a */ = {isa = PBXFileReference; name = "libART.a"; path = "libART.a"; sourceTree = "<group>"; fileEncoding = undefined; lastKnownFileType = archive.ar; explicitFileType = undefined; includeInIndex = 0; };
		74C7AFFD0E8F49A6A658F817 /* RequestHandlerConfig.swift */ = {isa = PBXFileReference; name = "RequestHandlerConfig.swift"; path = "APIImpls/RequestHandlerConfig.swift"; sourceTree = "<group>"; fileEncoding = 4; lastKnownFileType = sourcecode.swift; explicitFileType = undefined; includeInIndex = 0; };
		00F5D4F5CAB042CF96470EA1 /* RequestHandlerProvider.swift */ = {isa = PBXFileReference; name = "RequestHandlerProvider.swift"; path = "APIImpls/RequestHandlerProvider.swift"; sourceTree = "<group>"; fileEncoding = 4; lastKnownFileType = sourcecode.swift; explicitFileType = undefined; includeInIndex = 0; };
		918FC3CCCC0049D2902B0815 /* MoviesApiController.swift */ = {isa = PBXFileReference; name = "MoviesApiController.swift"; path = "APIImpls/MoviesApiController.swift"; sourceTree = "<group>"; fileEncoding = 4; lastKnownFileType = sourcecode.swift; explicitFileType = undefined; includeInIndex = 0; };
		705A7691D86C46FA8A8FB539 /* MoviesApiRequestHandlerDelegate.swift */ = {isa = PBXFileReference; name = "MoviesApiRequestHandlerDelegate.swift"; path = "APIImpls/MoviesApiRequestHandlerDelegate.swift"; sourceTree = "<group>"; fileEncoding = 4; lastKnownFileType = sourcecode.swift; explicitFileType = undefined; includeInIndex = 0; };
/* End PBXFileReference section */

/* Begin PBXFrameworksBuildPhase section */
		485009DF1E2FF23B009B6610 /* Frameworks */ = {
			isa = PBXFrameworksBuildPhase;
			buildActionMask = 2147483647;
			files = (
				3064A3F77EEE4AC1ABC243EB /* libReact.a in Frameworks */,
				EE805F2A55CD4144B72D8CA7 /* libRCTActionSheet.a in Frameworks */,
				433913733E9D4AEE88B726AC /* libRCTImage.a in Frameworks */,
				54FA07A0F9D14DA9962A8280 /* libRCTAnimation.a in Frameworks */,
				EEB90920E9C6416897982EFC /* libRCTText.a in Frameworks */,
				8D6A6428097E48FA98BD6641 /* libRCTWebSocket.a in Frameworks */,
				A209844058B44335B6DB196B /* libRCTGeolocation.a in Frameworks */,
				846DAD505A5E43F78AD0547E /* libRCTLinking.a in Frameworks */,
				A40E29D60E234752806839C6 /* libRCTNetwork.a in Frameworks */,
				074FE288AE5F4F47B6771123 /* libRCTSettings.a in Frameworks */,
				B5F67CAAC1B844D2966BEEBE /* libRCTVibration.a in Frameworks */,
				0AAF5C55039C42329A8C67B0 /* libRCTCameraRoll.a in Frameworks */,
				1362245CA40345DFA810D368 /* libART.a in Frameworks */,
			);
			runOnlyForDeploymentPostprocessing = 0;
		};
		485009E91E2FF23C009B6610 /* Frameworks */ = {
			isa = PBXFrameworksBuildPhase;
			buildActionMask = 2147483647;
			files = (
				485009ED1E2FF23C009B6610 /* ElectrodeApiImpl.framework in Frameworks */,
			);
			runOnlyForDeploymentPostprocessing = 0;
		};
/* End PBXFrameworksBuildPhase section */

/* Begin PBXGroup section */
		226325CE1E80594F00CD0B10 /* ReactNative */ = {
			isa = PBXGroup;
			children = (
				77D8A9E660204008837239C6 /* React.xcodeproj */,
				06C22F9FFE794070AC2C62AD /* RCTActionSheet.xcodeproj */,
				41D4F299E82748FF940A86EC /* RCTImage.xcodeproj */,
				1F658522EDA442A0A027B336 /* RCTAnimation.xcodeproj */,
				458013A16E8449CC86C3154D /* RCTText.xcodeproj */,
				814CDB41711145B1A0C2F4F6 /* RCTWebSocket.xcodeproj */,
				BF3A4BFD7C56450A9D9F6C2B /* RCTGeolocation.xcodeproj */,
				4E30AF26BB7E4650ABF789B0 /* RCTLinking.xcodeproj */,
				66396A710EA14A6EABAC9BF4 /* RCTNetwork.xcodeproj */,
				C3984D2CC07042A18616834D /* RCTSettings.xcodeproj */,
				99EA85153F1C48DEBE38486B /* RCTVibration.xcodeproj */,
				887C000937FA4A869EE9FF77 /* RCTCameraRoll.xcodeproj */,
				AF4908B961BA443CA19966CB /* ART.xcodeproj */,
			);
			name = ReactNative;
			sourceTree = "<group>";
		};
		22C096A91EA0893F00E1486A /* APIs */ = {
			isa = PBXGroup;
			children = (
				75A053AB555A4400A7584ACC /* BirthYear.swift */,
				F5BAABA52CD34B5197482302 /* Movie.swift */,
				135C73CE62494C609352EF2D /* MoviesAPI.swift */,
				9546A20A924C4DB49725016E /* MoviesRequests.swift */,
				0FF5193ED7B04AD89BF248A9 /* Person.swift */,
				F9D733ECCA664122A30443FD /* Synopsis.swift */,
			);
			name = APIs;
			sourceTree = "<group>";
		};
		22FD4D1E1E96ECBB00FC81DB /* ElectrodeReactNativeBridge */ = {
			isa = PBXGroup;
			children = (
				89ADDAC22E7849D7A4848AA3 /* ElectrodeObject.swift */,
				732035776F9C46AAA3CDCDD8 /* Bridgeable.swift */,
				0F302808FA544F77A943475A /* ElectrodeRequestHandlerProcessor.swift */,
				95829BF294534507832D0AC7 /* ElectrodeRequestProcessor.swift */,
				BC7815C36B4F407FA0390CCF /* ElectrodeUtilities.swift */,
				0AAEB7AD562744FE95CE5BDF /* EventListenerProcessor.swift */,
				2FF150B2D06944D9B740390B /* EventProcessor.swift */,
				FCE2C2BA78D54FE28367CA51 /* Processor.swift */,
				7020F16686DF4FE4BCD5272E /* None.swift */,
				839E3148C7FB4CF2848A26E3 /* ElectrodeBridgeEvent.m */,
				D49E02E561F94773BE7CBBD2 /* ElectrodeBridgeFailureMessage.m */,
				46C66BA89270456C9BDBC255 /* ElectrodeBridgeHolder.m */,
				1F5EEB30C122479E93AB07F3 /* ElectrodeBridgeMessage.m */,
				0705B0D3413D4D8FBA6186C8 /* ElectrodeBridgeProtocols.m */,
				9F1A4F71B2624436A9FBCB00 /* ElectrodeBridgeRequest.m */,
				0F79576286E74500B29D69BC /* ElectrodeBridgeResponse.m */,
				C6BDDCD4D01C4BA18048DE33 /* ElectrodeBridgeTransaction.m */,
				4A4ACF8764AE4F639DF01E6E /* ElectrodeBridgeTransceiver.m */,
				556ED0A79624492CA700AD17 /* ElectrodeEventDispatcher.m */,
				77B9FACCF5E1479FB6A0AE42 /* ElectrodeEventRegistrar.m */,
				F83565D281EA45DA82B9442F /* ElectrodeRequestDispatcher.m */,
				DE33F6DCEFF94C9791951EB5 /* ElectrodeRequestRegistrar.m */,
				CEC4E873A09745AE90BF7A29 /* ElectrodeLogger.m */,
				7778E20ED7104267A82EAFFA /* ElectrodeBridgeEvent.h */,
				8FBBBD56B72E401E97211964 /* ElectrodeBridgeFailureMessage.h */,
				85B003C7E1F642A389A0D221 /* ElectrodeBridgeHolder.h */,
				A3384D6913CF40E984DF8BAF /* ElectrodeBridgeMessage.h */,
				1AFE07A4F9FA4CBDBADEFD64 /* ElectrodeBridgeProtocols.h */,
				3F0FD873D7FF41E2A98CEF8A /* ElectrodeBridgeRequest.h */,
				5E2157CE2956401F8FD4900B /* ElectrodeBridgeTransaction.h */,
				AF38104B8D7740C8ABB182A8 /* ElectrodeBridgeTransceiver.h */,
				6F41CDE5F09C4ABD84D0C8CE /* ElectrodeBridgeTransceiver_Internal.h */,
				0931A343165343AA878F4B5E /* ElectrodeEventDispatcher.h */,
				F225AFB8735D4D97BCCDCC82 /* ElectrodeEventRegistrar.h */,
				15A79BA4ADBF4AD3AC17C12A /* ElectrodeRequestDispatcher.h */,
				C964B8F70F69445B9CF89932 /* ElectrodeRequestRegistrar.h */,
				26883470BBC74EA6B78F5963 /* ElectrodeReactNativeBridge.h */,
				145D180182E24FF982B30FE5 /* ElectrodeBridgeResponse.h */,
				EC5C28FC9F8D4B5C9AC744EB /* ElectrodeLogger.h */,
			);
			name = ElectrodeReactNativeBridge;
			sourceTree = "<group>";
		};
		485009D91E2FF23B009B6610 = {
			isa = PBXGroup;
			children = (
				485009E51E2FF23B009B6610 /* ElectrodeApiImpl */,
				485009F01E2FF23C009B6610 /* ElectrodeApiImplTests */,
				485009E41E2FF23B009B6610 /* Products */,
				485009FD1E2FF25D009B6610 /* Libraries */,
				48500AA71E2FFA14009B6610 /* Frameworks */,
			);
			sourceTree = "<group>";
		};
		485009E41E2FF23B009B6610 /* Products */ = {
			isa = PBXGroup;
			children = (
				485009E31E2FF23B009B6610 /* ElectrodeApiImpl.framework */,
				485009EC1E2FF23C009B6610 /* ElectrodeApiImplTests.xctest */,
			);
			name = Products;
			sourceTree = "<group>";
		};
		485009E51E2FF23B009B6610 /* ElectrodeApiImpl */ = {
			isa = PBXGroup;
			children = (
				7F1C6B771FAD343A00F68360 /* APIImpls */,
				2265A4A11EB26943007D6C3D /* Info.plist */,
				22C096A91EA0893F00E1486A /* APIs */,
				22FD4D1E1E96ECBB00FC81DB /* ElectrodeReactNativeBridge */,
				968333D51E54E3470031C565 /* ElectrodeBridgeDelegate.h */,
				968333D61E54E3470031C565 /* ElectrodeBridgeDelegate.m */,
				485009E61E2FF23B009B6610 /* ElectrodeApiImpl.h */,
				48500A961E2FF55B009B6610 /* ElectrodeReactNative.h */,
				30F8CDED1E67946E00413247 /* ElectrodeReactNative_Internal.h */,
				48500A971E2FF55B009B6610 /* ElectrodeReactNative.m */,
			);
			path = ElectrodeApiImpl;
			sourceTree = "<group>";
		};
		485009F01E2FF23C009B6610 /* ElectrodeApiImplTests */ = {
			isa = PBXGroup;
			children = (
				485009F11E2FF23C009B6610 /* ElectrodeApiImplTests.m */,
				485009F31E2FF23C009B6610 /* Info.plist */,
				30B77DD51E66518E00EF3A78 /* ElectrodeBridgeDelegateTests.m */,
				30F8CDE31E677D7C00413247 /* ElectrodeReactNativeTests.m */,
			);
			path = ElectrodeApiImplTests;
			sourceTree = "<group>";
		};
		485009FD1E2FF25D009B6610 /* Libraries */ = {
			isa = PBXGroup;
			children = (
				226325CE1E80594F00CD0B10 /* ReactNative */,
				9654B8921E5CCA1D00AFF607 /* MiniApp */,
			);
			name = Libraries;
			path = ElectrodeApiImpl/Libraries;
			sourceTree = "<group>";
		};
		48500AA71E2FFA14009B6610 /* Frameworks */ = {
			isa = PBXGroup;
			children = (
			);
			name = Frameworks;
			sourceTree = "<group>";
		};
		7F1C6B771FAD343A00F68360 /* APIImpls */ = {
			isa = PBXGroup;
			children = (
				74C7AFFD0E8F49A6A658F817 /* RequestHandlerConfig.swift */,
				00F5D4F5CAB042CF96470EA1 /* RequestHandlerProvider.swift */,
				918FC3CCCC0049D2902B0815 /* MoviesApiController.swift */,
				705A7691D86C46FA8A8FB539 /* MoviesApiRequestHandlerDelegate.swift */,
			);
			name = APIImpls;
			sourceTree = "<group>";
		};
		9654B8921E5CCA1D00AFF607 /* MiniApp */ = {
			isa = PBXGroup;
			children = (
			);
			path = MiniApp;
			sourceTree = "<group>";
		};
		4723DE619DFD4ED6825BB69F /* Products */ = {
			isa = PBXGroup;
			children = (
				F295B802ACFE4849939796F3 /* libReact.a */,
			);
			name = Products;
			path = undefined;
			sourceTree = "<group>";
		};
		54E753E3091C4995817C7801 /* Products */ = {
			isa = PBXGroup;
			children = (
				FDD32261347845F2B3CC76BB /* libRCTActionSheet.a */,
			);
			name = Products;
			path = undefined;
			sourceTree = "<group>";
		};
		BA4250AFDD9249A2B1BE9B6A /* Products */ = {
			isa = PBXGroup;
			children = (
				E7D55C988B7B40D7A545B9B7 /* libRCTImage.a */,
			);
			name = Products;
			path = undefined;
			sourceTree = "<group>";
		};
		90D15A1208DD43A7B7A04851 /* Products */ = {
			isa = PBXGroup;
			children = (
				4531C60FDB3F4A80B07EBA84 /* libRCTAnimation.a */,
			);
			name = Products;
			path = undefined;
			sourceTree = "<group>";
		};
		520F0B09D7BD44A68FE5C934 /* Products */ = {
			isa = PBXGroup;
			children = (
				A510C7FE720C45A58C88BFC6 /* libRCTText.a */,
			);
			name = Products;
			path = undefined;
			sourceTree = "<group>";
		};
		C78BA7E19A504001884C605C /* Products */ = {
			isa = PBXGroup;
			children = (
				839045BB48BC45E5BD3AC07A /* libRCTWebSocket.a */,
			);
			name = Products;
			path = undefined;
			sourceTree = "<group>";
		};
		2BE503027AE04741B36A52C5 /* Products */ = {
			isa = PBXGroup;
			children = (
				5FB7C1B439DD4085A346A9A5 /* libRCTGeolocation.a */,
			);
			name = Products;
			path = undefined;
			sourceTree = "<group>";
		};
		FD8F1E8FF6B34B38ACC6939E /* Products */ = {
			isa = PBXGroup;
			children = (
				1F932587BAE64976B851EF34 /* libRCTLinking.a */,
			);
			name = Products;
			path = undefined;
			sourceTree = "<group>";
		};
		A90860E02B1B4C519DF970A4 /* Products */ = {
			isa = PBXGroup;
			children = (
				9893CED15DB94572B9619F72 /* libRCTNetwork.a */,
			);
			name = Products;
			path = undefined;
			sourceTree = "<group>";
		};
		ED8638C1B2FA4861A541FEF3 /* Products */ = {
			isa = PBXGroup;
			children = (
				BF04E0B2FCF84CAAAC558733 /* libRCTSettings.a */,
			);
			name = Products;
			path = undefined;
			sourceTree = "<group>";
		};
		FC66969925C542368CCACFF1 /* Products */ = {
			isa = PBXGroup;
			children = (
				B2F0AF765DB84D8F83341659 /* libRCTVibration.a */,
			);
			name = Products;
			path = undefined;
			sourceTree = "<group>";
		};
		6C7EC8FC0CAF45DFA1550B8A /* Products */ = {
			isa = PBXGroup;
			children = (
				45C4F1F25DF74E039551A258 /* libRCTCameraRoll.a */,
			);
			name = Products;
			path = undefined;
			sourceTree = "<group>";
		};
		F469FC281F9D4B7DAC38BCF7 /* Products */ = {
			isa = PBXGroup;
			children = (
				20BF29103CA8497C93BF0749 /* libART.a */,
			);
			name = Products;
			path = undefined;
			sourceTree = "<group>";
		};
/* End PBXGroup section */

/* Begin PBXHeadersBuildPhase section */
		485009E01E2FF23B009B6610 /* Headers */ = {
			isa = PBXHeadersBuildPhase;
			buildActionMask = 2147483647;
			files = (
				485009F41E2FF23C009B6610 /* ElectrodeApiImpl.h in Headers */,
				968333D71E54E3470031C565 /* ElectrodeBridgeDelegate.h in Headers */,
				30F8CDEE1E67946E00413247 /* ElectrodeReactNative_Internal.h in Headers */,
				48500A981E2FF55B009B6610 /* ElectrodeReactNative.h in Headers */,
				FD2FD2EF26A5470CABECB895 /* ElectrodeBridgeEvent.h in Headers */,
				3D995191E57141F8924DC4FB /* ElectrodeBridgeFailureMessage.h in Headers */,
				D241762F6E5B4C949052A2FC /* ElectrodeBridgeHolder.h in Headers */,
				FE22C4032F90463DB190B4AE /* ElectrodeBridgeMessage.h in Headers */,
				BB8F63AC694B449D94FF6AFE /* ElectrodeBridgeProtocols.h in Headers */,
				492AC8FDDC6F45D8ACA6A074 /* ElectrodeBridgeRequest.h in Headers */,
				42FF3D305A864407AF03E6D6 /* ElectrodeBridgeTransaction.h in Headers */,
				CD0C2F0A83064E36B727EAF3 /* ElectrodeBridgeTransceiver.h in Headers */,
				BA1220F5DD90492BBD594547 /* ElectrodeBridgeTransceiver_Internal.h in Headers */,
				33BA641FCD5E4EF7B9A83D67 /* ElectrodeEventDispatcher.h in Headers */,
				664C7AB400DA48F0AFC75F6F /* ElectrodeEventRegistrar.h in Headers */,
				60447DB5C7554484B5A369E8 /* ElectrodeRequestDispatcher.h in Headers */,
				33979DD8C4BB4E949F917BA3 /* ElectrodeRequestRegistrar.h in Headers */,
				F67AD492D54E42979C64A406 /* ElectrodeReactNativeBridge.h in Headers */,
				8378C0001E154B2889E0643C /* ElectrodeBridgeResponse.h in Headers */,
				88775E0D62094C5291982274 /* ElectrodeLogger.h in Headers */,
				1551E058F0A7424CAB9A74A2 /* BirthYear.swift in Headers */,
				BA5B58DE6C11457D82773762 /* Movie.swift in Headers */,
				EA37F8FEFC5F4C8285B769C0 /* MoviesAPI.swift in Headers */,
				9E9C9C99B9EF4FC4A7D3C2F7 /* MoviesRequests.swift in Headers */,
				6B20B667D5B243698E2B3F8B /* Person.swift in Headers */,
				5DB0BDEF1144432AB2BCA3DE /* Synopsis.swift in Headers */,
			);
			runOnlyForDeploymentPostprocessing = 0;
		};
/* End PBXHeadersBuildPhase section */

/* Begin PBXNativeTarget section */
		485009E21E2FF23B009B6610 /* ElectrodeApiImpl */ = {
			isa = PBXNativeTarget;
			buildConfigurationList = 485009F71E2FF23C009B6610 /* Build configuration list for PBXNativeTarget "ElectrodeApiImpl" */;
			buildPhases = (
				485009DE1E2FF23B009B6610 /* Sources */,
				485009DF1E2FF23B009B6610 /* Frameworks */,
				485009E01E2FF23B009B6610 /* Headers */,
				485009E11E2FF23B009B6610 /* Resources */,
			);
			buildRules = (
			);
			dependencies = (
				E6013B7D1FC44A8EB1DEDBA6 /* PBXTargetDependency */,
				C3A4290BE2164FFBA9120CE0 /* PBXTargetDependency */,
				909CEC28BF5247BCB9B833A5 /* PBXTargetDependency */,
				BFADFA9460984E4BB3C1642F /* PBXTargetDependency */,
				C90F5EAB67AB4678A85654EF /* PBXTargetDependency */,
				2B9FBAA234D64180AFE6F892 /* PBXTargetDependency */,
				5A84E57166784C57974C8FCC /* PBXTargetDependency */,
				CF17D898CAE147D78DCA673C /* PBXTargetDependency */,
				955D442AB7BE4D35A9F631E6 /* PBXTargetDependency */,
				B12CF1D3BE2C45F2894960A5 /* PBXTargetDependency */,
				9C9048D1CE6343ADA1D7D8E1 /* PBXTargetDependency */,
				40199A990710415DA3C4FAE4 /* PBXTargetDependency */,
				22E34A7BBFA64FCCBC79CD9E /* PBXTargetDependency */,
			);
			name = ElectrodeApiImpl;
			productName = ElectrodeApiImpl;
			productReference = 485009E31E2FF23B009B6610 /* ElectrodeApiImpl.framework */;
			productType = "com.apple.product-type.framework";
		};
		485009EB1E2FF23C009B6610 /* ElectrodeApiImplTests */ = {
			isa = PBXNativeTarget;
			buildConfigurationList = 485009FA1E2FF23C009B6610 /* Build configuration list for PBXNativeTarget "ElectrodeApiImplTests" */;
			buildPhases = (
				485009E81E2FF23C009B6610 /* Sources */,
				485009E91E2FF23C009B6610 /* Frameworks */,
				485009EA1E2FF23C009B6610 /* Resources */,
			);
			buildRules = (
			);
			dependencies = (
				485009EF1E2FF23C009B6610 /* PBXTargetDependency */,
			);
			name = ElectrodeApiImplTests;
			productName = ElectrodeApiImplTests;
			productReference = 485009EC1E2FF23C009B6610 /* ElectrodeApiImplTests.xctest */;
			productType = "com.apple.product-type.bundle.unit-test";
		};
/* End PBXNativeTarget section */

/* Begin PBXProject section */
		485009DA1E2FF23B009B6610 /* Project object */ = {
			isa = PBXProject;
			attributes = {
				LastUpgradeCheck = 820;
				ORGANIZATIONNAME = Walmart;
				TargetAttributes = {
					485009E21E2FF23B009B6610 = {
						CreatedOnToolsVersion = 8.2.1;
						ProvisioningStyle = Automatic;
					};
					485009EB1E2FF23C009B6610 = {
						CreatedOnToolsVersion = 8.2.1;
						DevelopmentTeam = DXZ5VF8836;
						ProvisioningStyle = Automatic;
					};
				};
			};
			buildConfigurationList = 485009DD1E2FF23B009B6610 /* Build configuration list for PBXProject "ElectrodeApiImpl" */;
			compatibilityVersion = "Xcode 3.2";
			developmentRegion = English;
			hasScannedForEncodings = 0;
			knownRegions = (
				en,
			);
			mainGroup = 485009D91E2FF23B009B6610;
			productRefGroup = 485009E41E2FF23B009B6610 /* Products */;
			projectDirPath = "";
			projectRoot = "";
			targets = (
				485009E21E2FF23B009B6610 /* ElectrodeApiImpl */,
				485009EB1E2FF23C009B6610 /* ElectrodeApiImplTests */,
			);
			projectReferences = (
				{
					ProjectRef = 77D8A9E660204008837239C6 /* React.xcodeproj */;
					ProductGroup = 4723DE619DFD4ED6825BB69F /* Products */;
				},
				{
					ProjectRef = 06C22F9FFE794070AC2C62AD /* RCTActionSheet.xcodeproj */;
					ProductGroup = 54E753E3091C4995817C7801 /* Products */;
				},
				{
					ProjectRef = 41D4F299E82748FF940A86EC /* RCTImage.xcodeproj */;
					ProductGroup = BA4250AFDD9249A2B1BE9B6A /* Products */;
				},
				{
					ProjectRef = 1F658522EDA442A0A027B336 /* RCTAnimation.xcodeproj */;
					ProductGroup = 90D15A1208DD43A7B7A04851 /* Products */;
				},
				{
					ProjectRef = 458013A16E8449CC86C3154D /* RCTText.xcodeproj */;
					ProductGroup = 520F0B09D7BD44A68FE5C934 /* Products */;
				},
				{
					ProjectRef = 814CDB41711145B1A0C2F4F6 /* RCTWebSocket.xcodeproj */;
					ProductGroup = C78BA7E19A504001884C605C /* Products */;
				},
				{
					ProjectRef = BF3A4BFD7C56450A9D9F6C2B /* RCTGeolocation.xcodeproj */;
					ProductGroup = 2BE503027AE04741B36A52C5 /* Products */;
				},
				{
					ProjectRef = 4E30AF26BB7E4650ABF789B0 /* RCTLinking.xcodeproj */;
					ProductGroup = FD8F1E8FF6B34B38ACC6939E /* Products */;
				},
				{
					ProjectRef = 66396A710EA14A6EABAC9BF4 /* RCTNetwork.xcodeproj */;
					ProductGroup = A90860E02B1B4C519DF970A4 /* Products */;
				},
				{
					ProjectRef = C3984D2CC07042A18616834D /* RCTSettings.xcodeproj */;
					ProductGroup = ED8638C1B2FA4861A541FEF3 /* Products */;
				},
				{
					ProjectRef = 99EA85153F1C48DEBE38486B /* RCTVibration.xcodeproj */;
					ProductGroup = FC66969925C542368CCACFF1 /* Products */;
				},
				{
					ProjectRef = 887C000937FA4A869EE9FF77 /* RCTCameraRoll.xcodeproj */;
					ProductGroup = 6C7EC8FC0CAF45DFA1550B8A /* Products */;
				},
				{
					ProjectRef = AF4908B961BA443CA19966CB /* ART.xcodeproj */;
					ProductGroup = F469FC281F9D4B7DAC38BCF7 /* Products */;
				},
			);
		};
/* End PBXProject section */

/* Begin PBXReferenceProxy section */
		F295B802ACFE4849939796F3 /* libReact.a */ = {
			isa = PBXReferenceProxy;
			fileType = archive.ar;
			path = libReact.a;
			remoteRef = A6A369D376F24E5786D92766 /* PBXContainerItemProxy */;
			sourceTree = BUILT_PRODUCTS_DIR;
		};
		FDD32261347845F2B3CC76BB /* libRCTActionSheet.a */ = {
			isa = PBXReferenceProxy;
			fileType = archive.ar;
			path = libRCTActionSheet.a;
			remoteRef = C7DAD9540B2E42EABC85FC0B /* PBXContainerItemProxy */;
			sourceTree = BUILT_PRODUCTS_DIR;
		};
		E7D55C988B7B40D7A545B9B7 /* libRCTImage.a */ = {
			isa = PBXReferenceProxy;
			fileType = archive.ar;
			path = libRCTImage.a;
			remoteRef = 67EAA01954CC44369FACC506 /* PBXContainerItemProxy */;
			sourceTree = BUILT_PRODUCTS_DIR;
		};
		4531C60FDB3F4A80B07EBA84 /* libRCTAnimation.a */ = {
			isa = PBXReferenceProxy;
			fileType = archive.ar;
			path = libRCTAnimation.a;
			remoteRef = AA9407D04890440BBC54B836 /* PBXContainerItemProxy */;
			sourceTree = BUILT_PRODUCTS_DIR;
		};
		A510C7FE720C45A58C88BFC6 /* libRCTText.a */ = {
			isa = PBXReferenceProxy;
			fileType = archive.ar;
			path = libRCTText.a;
			remoteRef = 6802C333228D4F6DA8C1B357 /* PBXContainerItemProxy */;
			sourceTree = BUILT_PRODUCTS_DIR;
		};
		839045BB48BC45E5BD3AC07A /* libRCTWebSocket.a */ = {
			isa = PBXReferenceProxy;
			fileType = archive.ar;
			path = libRCTWebSocket.a;
			remoteRef = D4293F42B5494D048DA2A352 /* PBXContainerItemProxy */;
			sourceTree = BUILT_PRODUCTS_DIR;
		};
		5FB7C1B439DD4085A346A9A5 /* libRCTGeolocation.a */ = {
			isa = PBXReferenceProxy;
			fileType = archive.ar;
			path = libRCTGeolocation.a;
			remoteRef = CD9BD4DABEBC43CDB2AB0AEA /* PBXContainerItemProxy */;
			sourceTree = BUILT_PRODUCTS_DIR;
		};
		1F932587BAE64976B851EF34 /* libRCTLinking.a */ = {
			isa = PBXReferenceProxy;
			fileType = archive.ar;
			path = libRCTLinking.a;
			remoteRef = 6849E88F67584F6091F904B0 /* PBXContainerItemProxy */;
			sourceTree = BUILT_PRODUCTS_DIR;
		};
		9893CED15DB94572B9619F72 /* libRCTNetwork.a */ = {
			isa = PBXReferenceProxy;
			fileType = archive.ar;
			path = libRCTNetwork.a;
			remoteRef = 0C935AAF059249FAADA5DF5C /* PBXContainerItemProxy */;
			sourceTree = BUILT_PRODUCTS_DIR;
		};
		BF04E0B2FCF84CAAAC558733 /* libRCTSettings.a */ = {
			isa = PBXReferenceProxy;
			fileType = archive.ar;
			path = libRCTSettings.a;
			remoteRef = 1205CC02F6AF418EB179D700 /* PBXContainerItemProxy */;
			sourceTree = BUILT_PRODUCTS_DIR;
		};
		B2F0AF765DB84D8F83341659 /* libRCTVibration.a */ = {
			isa = PBXReferenceProxy;
			fileType = archive.ar;
			path = libRCTVibration.a;
			remoteRef = D7321250300D43ADA33E9D31 /* PBXContainerItemProxy */;
			sourceTree = BUILT_PRODUCTS_DIR;
		};
		45C4F1F25DF74E039551A258 /* libRCTCameraRoll.a */ = {
			isa = PBXReferenceProxy;
			fileType = archive.ar;
			path = libRCTCameraRoll.a;
			remoteRef = 15FBB373167F4F78BA5DE607 /* PBXContainerItemProxy */;
			sourceTree = BUILT_PRODUCTS_DIR;
		};
		20BF29103CA8497C93BF0749 /* libART.a */ = {
			isa = PBXReferenceProxy;
			fileType = archive.ar;
			path = libART.a;
			remoteRef = 25FF3E1DC7244D9FB80A2436 /* PBXContainerItemProxy */;
			sourceTree = BUILT_PRODUCTS_DIR;
		};
/* End PBXReferenceProxy section */

/* Begin PBXResourcesBuildPhase section */
		485009E11E2FF23B009B6610 /* Resources */ = {
			isa = PBXResourcesBuildPhase;
			buildActionMask = 2147483647;
			files = (
				2265A4A21EB26943007D6C3D /* Info.plist in Resources */,
			);
			runOnlyForDeploymentPostprocessing = 0;
		};
		485009EA1E2FF23C009B6610 /* Resources */ = {
			isa = PBXResourcesBuildPhase;
			buildActionMask = 2147483647;
			files = (
			);
			runOnlyForDeploymentPostprocessing = 0;
		};
/* End PBXResourcesBuildPhase section */

/* Begin PBXSourcesBuildPhase section */
		485009DE1E2FF23B009B6610 /* Sources */ = {
			isa = PBXSourcesBuildPhase;
			buildActionMask = 2147483647;
			files = (
				48500A991E2FF55B009B6610 /* ElectrodeReactNative.m in Sources */,
				968333D81E54E3470031C565 /* ElectrodeBridgeDelegate.m in Sources */,
				877BA66C8C114FFC89DC39F9 /* ElectrodeObject.swift in Sources */,
				C614EF7965BA4B6EBD8B7D7A /* Bridgeable.swift in Sources */,
				A92E7E7B784C4B53A931E0D6 /* ElectrodeRequestHandlerProcessor.swift in Sources */,
				07AC690350BC4C1AB9F6B963 /* ElectrodeRequestProcessor.swift in Sources */,
				7DA30A8F33B6469BA4F398BE /* ElectrodeUtilities.swift in Sources */,
				D52037F463E0494996F0C240 /* EventListenerProcessor.swift in Sources */,
				D93B2E8782AF40CB92A6C984 /* EventProcessor.swift in Sources */,
				64F7CFA2BBE04239B3FC3BD5 /* Processor.swift in Sources */,
				43487FC7579A40299351D37A /* None.swift in Sources */,
				5B914BA05A084BB0AAB8F124 /* ElectrodeBridgeEvent.m in Sources */,
				64FE52DBB4B34958BCF54819 /* ElectrodeBridgeFailureMessage.m in Sources */,
				2E54F26584834F2B82F84A4A /* ElectrodeBridgeHolder.m in Sources */,
				20812570B6544A318125B717 /* ElectrodeBridgeMessage.m in Sources */,
				537E8E557DC04F37B035E076 /* ElectrodeBridgeProtocols.m in Sources */,
				0BDE5B725B8147D9916BAB28 /* ElectrodeBridgeRequest.m in Sources */,
				044D1DBA05B94BC59794DEBF /* ElectrodeBridgeResponse.m in Sources */,
				16B90D5D4C774FBBA11A40FF /* ElectrodeBridgeTransaction.m in Sources */,
				38C55A4951B64DCDA970F299 /* ElectrodeBridgeTransceiver.m in Sources */,
				519C8384601D47818CDADF4D /* ElectrodeEventDispatcher.m in Sources */,
				9E397A96D87544F2AD6F48C7 /* ElectrodeEventRegistrar.m in Sources */,
				6845F8C9589C472198A694E3 /* ElectrodeRequestDispatcher.m in Sources */,
				7B3C29F5F9254CCA80E0BE73 /* ElectrodeRequestRegistrar.m in Sources */,
				CA5AFBDAD3434136B47D8CB9 /* ElectrodeLogger.m in Sources */,
				80C7554B776D4248A360ED1B /* BirthYear.swift in Sources */,
				3C4B91E9982B4E11B751C55B /* Movie.swift in Sources */,
				A7A3501D5EF24C8A8AFCD058 /* MoviesAPI.swift in Sources */,
				846DE72BE5B041AEA0EE5373 /* MoviesRequests.swift in Sources */,
				A69B9E18F9D340A4A85ED818 /* Person.swift in Sources */,
				0439F28DC0CE4600BE298AB2 /* Synopsis.swift in Sources */,
				3DD352915FC64451881B113C /* RequestHandlerConfig.swift in Sources */,
				33F5AC42E5FC46D490108925 /* RequestHandlerProvider.swift in Sources */,
				33D8D9F1B1E14259A26CD486 /* MoviesApiController.swift in Sources */,
				C7E01F57803E47108EE0212C /* MoviesApiRequestHandlerDelegate.swift in Sources */,
			);
			runOnlyForDeploymentPostprocessing = 0;
		};
		485009E81E2FF23C009B6610 /* Sources */ = {
			isa = PBXSourcesBuildPhase;
			buildActionMask = 2147483647;
			files = (
				485009F21E2FF23C009B6610 /* ElectrodeApiImplTests.m in Sources */,
				30B77DD61E66518E00EF3A78 /* ElectrodeBridgeDelegateTests.m in Sources */,
				30F8CDE41E677D7C00413247 /* ElectrodeReactNativeTests.m in Sources */,
			);
			runOnlyForDeploymentPostprocessing = 0;
		};
/* End PBXSourcesBuildPhase section */

/* Begin PBXTargetDependency section */
		485009EF1E2FF23C009B6610 /* PBXTargetDependency */ = {
			isa = PBXTargetDependency;
			target = 485009E21E2FF23B009B6610 /* ElectrodeApiImpl */;
			targetProxy = 485009EE1E2FF23C009B6610 /* PBXContainerItemProxy */;
		};
		E6013B7D1FC44A8EB1DEDBA6 /* PBXTargetDependency */ = {
			isa = PBXTargetDependency;
			name = React;
			targetProxy = E74FCCB9AEF1437C88E1B43C /* PBXContainerItemProxy */;
		};
		C3A4290BE2164FFBA9120CE0 /* PBXTargetDependency */ = {
			isa = PBXTargetDependency;
			name = RCTActionSheet;
			targetProxy = 59203837566340189DB9D530 /* PBXContainerItemProxy */;
		};
		909CEC28BF5247BCB9B833A5 /* PBXTargetDependency */ = {
			isa = PBXTargetDependency;
			name = RCTImage;
			targetProxy = FF3E9A92F98D460D8354C04B /* PBXContainerItemProxy */;
		};
		BFADFA9460984E4BB3C1642F /* PBXTargetDependency */ = {
			isa = PBXTargetDependency;
			name = RCTAnimation;
			targetProxy = 85A6EF9A52B94D4CA96B6CFB /* PBXContainerItemProxy */;
		};
		C90F5EAB67AB4678A85654EF /* PBXTargetDependency */ = {
			isa = PBXTargetDependency;
			name = RCTText;
			targetProxy = 924861D353B34A7283BC3FE6 /* PBXContainerItemProxy */;
		};
		2B9FBAA234D64180AFE6F892 /* PBXTargetDependency */ = {
			isa = PBXTargetDependency;
			name = RCTWebSocket;
			targetProxy = 222F8665F9B246EB8B57B6B0 /* PBXContainerItemProxy */;
		};
		5A84E57166784C57974C8FCC /* PBXTargetDependency */ = {
			isa = PBXTargetDependency;
			name = RCTGeolocation;
			targetProxy = F9EC5A0F3F64489C88FF02DD /* PBXContainerItemProxy */;
		};
		CF17D898CAE147D78DCA673C /* PBXTargetDependency */ = {
			isa = PBXTargetDependency;
			name = RCTLinking;
			targetProxy = 3CC212149E224118B87B6523 /* PBXContainerItemProxy */;
		};
		955D442AB7BE4D35A9F631E6 /* PBXTargetDependency */ = {
			isa = PBXTargetDependency;
			name = RCTNetwork;
			targetProxy = FDB86C72014E49B99598DE31 /* PBXContainerItemProxy */;
		};
		B12CF1D3BE2C45F2894960A5 /* PBXTargetDependency */ = {
			isa = PBXTargetDependency;
			name = RCTSettings;
			targetProxy = 6C1A5F4CF2724036B742337D /* PBXContainerItemProxy */;
		};
		9C9048D1CE6343ADA1D7D8E1 /* PBXTargetDependency */ = {
			isa = PBXTargetDependency;
			name = RCTVibration;
			targetProxy = 4CFD3665B66047FFACD4DC25 /* PBXContainerItemProxy */;
		};
		40199A990710415DA3C4FAE4 /* PBXTargetDependency */ = {
			isa = PBXTargetDependency;
			name = RCTCameraRoll;
			targetProxy = B14E4937559C4DFDBE2E1E46 /* PBXContainerItemProxy */;
		};
		22E34A7BBFA64FCCBC79CD9E /* PBXTargetDependency */ = {
			isa = PBXTargetDependency;
			name = ART;
			targetProxy = 9989EE93BC324DCA9286E666 /* PBXContainerItemProxy */;
		};
/* End PBXTargetDependency section */

/* Begin XCBuildConfiguration section */
		303268E41EA8139700A41A8F /* QADeployment */ = {
			isa = XCBuildConfiguration;
			buildSettings = {
				ALWAYS_SEARCH_USER_PATHS = NO;
				CLANG_ANALYZER_NONNULL = YES;
				CLANG_CXX_LANGUAGE_STANDARD = "gnu++0x";
				CLANG_CXX_LIBRARY = "libc++";
				CLANG_ENABLE_MODULES = YES;
				CLANG_ENABLE_OBJC_ARC = YES;
				CLANG_WARN_BOOL_CONVERSION = YES;
				CLANG_WARN_CONSTANT_CONVERSION = YES;
				CLANG_WARN_DIRECT_OBJC_ISA_USAGE = YES_ERROR;
				CLANG_WARN_DOCUMENTATION_COMMENTS = YES;
				CLANG_WARN_EMPTY_BODY = YES;
				CLANG_WARN_ENUM_CONVERSION = YES;
				CLANG_WARN_INFINITE_RECURSION = YES;
				CLANG_WARN_INT_CONVERSION = YES;
				CLANG_WARN_OBJC_ROOT_CLASS = YES_ERROR;
				CLANG_WARN_SUSPICIOUS_MOVE = YES;
				CLANG_WARN_UNREACHABLE_CODE = YES;
				CLANG_WARN__DUPLICATE_METHOD_MATCH = YES;
				"CODE_SIGN_IDENTITY[sdk=iphoneos*]" = "iPhone Developer";
				COPY_PHASE_STRIP = NO;
				CURRENT_PROJECT_VERSION = 1;
				DEBUG_INFORMATION_FORMAT = "dwarf-with-dsym";
				ENABLE_STRICT_OBJC_MSGSEND = YES;
				ENABLE_TESTABILITY = YES;
				GCC_C_LANGUAGE_STANDARD = gnu99;
				GCC_DYNAMIC_NO_PIC = NO;
				GCC_NO_COMMON_BLOCKS = YES;
				GCC_OPTIMIZATION_LEVEL = 0;
				GCC_PREPROCESSOR_DEFINITIONS = (
					"DEBUG=1",
					"$(inherited)",
				);
				GCC_WARN_64_TO_32_BIT_CONVERSION = YES;
				GCC_WARN_ABOUT_RETURN_TYPE = YES_ERROR;
				GCC_WARN_UNDECLARED_SELECTOR = YES;
				GCC_WARN_UNINITIALIZED_AUTOS = YES_AGGRESSIVE;
				GCC_WARN_UNUSED_FUNCTION = YES;
				GCC_WARN_UNUSED_VARIABLE = YES;
				IPHONEOS_DEPLOYMENT_TARGET = 9.0;
				MTL_ENABLE_DEBUG_INFO = YES;
				ONLY_ACTIVE_ARCH = YES;
				SDKROOT = iphoneos;
				TARGETED_DEVICE_FAMILY = "1,2";
				VERSIONING_SYSTEM = "apple-generic";
				VERSION_INFO_PREFIX = "";
			};
			name = QADeployment;
		};
		303268E51EA8139700A41A8F /* QADeployment */ = {
			isa = XCBuildConfiguration;
			buildSettings = {
				ALWAYS_EMBED_SWIFT_STANDARD_LIBRARIES = YES;
				CLANG_ENABLE_MODULES = YES;
				CLANG_WARN_DOCUMENTATION_COMMENTS = NO;
				CODE_SIGN_IDENTITY = "";
				DEFINES_MODULE = YES;
				DYLIB_COMPATIBILITY_VERSION = 1;
				DYLIB_CURRENT_VERSION = 1;
				DYLIB_INSTALL_NAME_BASE = "@rpath";
				ENABLE_BITCODE = NO;
				ENABLE_ON_DEMAND_RESOURCES = NO;
				ENABLE_TESTABILITY = YES;
				FRAMEWORK_SEARCH_PATHS = "";
				HEADER_SEARCH_PATHS = (
					"$(inherited)/**",
					"$(SRCROOT)/ElectrodeApiImpl/Libraries/ReactNative/**",
					"$(SRCROOT)/ElectrodeApiImpl/Libraries/CodePush/**",
				);
				INFOPLIST_FILE = ElectrodeApiImpl/Info.plist;
				INSTALL_PATH = "$(LOCAL_LIBRARY_DIR)/Frameworks";
				LD_RUNPATH_SEARCH_PATHS = "$(inherited) @executable_path/Frameworks @loader_path/Frameworks";
				LIBRARY_SEARCH_PATHS = (
					"$(inherited)",
					"$(SRCROOT)/ElectrodeApiImpl/Libraries/ReactNative/**",
					"$(SRCROOT)/ElectrodeApiImpl/Libraries/CodePush/**",
				);
				ONLY_ACTIVE_ARCH = NO;
				OTHER_LDFLAGS = (
					"-ObjC",
					"-lc++",
					"-lz",
				);
				PRODUCT_BUNDLE_IDENTIFIER = com.walmartlabs.ern.ElectrodeApiImpl;
				PRODUCT_NAME = "$(TARGET_NAME)";
				SKIP_INSTALL = YES;
				STRIP_STYLE = debugging;
				SWIFT_ACTIVE_COMPILATION_CONDITIONS = DEBUG;
				SWIFT_OPTIMIZATION_LEVEL = "-Owholemodule";
				SWIFT_VERSION = 3.0;
			};
			name = QADeployment;
		};
		303268E61EA8139700A41A8F /* QADeployment */ = {
			isa = XCBuildConfiguration;
			buildSettings = {
				HEADER_SEARCH_PATHS = (
					"$(inherited)",
					"$(SRCROOT)/ElectrodeApiImpl/Libraries/CodePush/**",
				);
				INFOPLIST_FILE = ElectrodeApiImplTests/Info.plist;
				LD_RUNPATH_SEARCH_PATHS = "$(inherited) @executable_path/Frameworks @loader_path/Frameworks";
				LIBRARY_SEARCH_PATHS = (
					"$(inherited)",
					"$(SRCROOT)/ElectrodeApiImpl/Libraries/ReactNative/**",
					"$(SRCROOT)/ElectrodeApiImpl/Libraries/CodePush/**",
				);
				PRODUCT_BUNDLE_IDENTIFIER = com.walmartlabs.ern.ElectrodeApiImplTests;
				PRODUCT_NAME = "$(TARGET_NAME)";
				TEST_HOST = "";
			};
			name = QADeployment;
		};
		485009F51E2FF23C009B6610 /* Debug */ = {
			isa = XCBuildConfiguration;
			buildSettings = {
				ALWAYS_SEARCH_USER_PATHS = NO;
				CLANG_ANALYZER_NONNULL = YES;
				CLANG_CXX_LANGUAGE_STANDARD = "gnu++0x";
				CLANG_CXX_LIBRARY = "libc++";
				CLANG_ENABLE_MODULES = YES;
				CLANG_ENABLE_OBJC_ARC = YES;
				CLANG_WARN_BOOL_CONVERSION = YES;
				CLANG_WARN_CONSTANT_CONVERSION = YES;
				CLANG_WARN_DIRECT_OBJC_ISA_USAGE = YES_ERROR;
				CLANG_WARN_DOCUMENTATION_COMMENTS = YES;
				CLANG_WARN_EMPTY_BODY = YES;
				CLANG_WARN_ENUM_CONVERSION = YES;
				CLANG_WARN_INFINITE_RECURSION = YES;
				CLANG_WARN_INT_CONVERSION = YES;
				CLANG_WARN_OBJC_ROOT_CLASS = YES_ERROR;
				CLANG_WARN_SUSPICIOUS_MOVE = YES;
				CLANG_WARN_UNREACHABLE_CODE = YES;
				CLANG_WARN__DUPLICATE_METHOD_MATCH = YES;
				"CODE_SIGN_IDENTITY[sdk=iphoneos*]" = "iPhone Developer";
				COPY_PHASE_STRIP = NO;
				CURRENT_PROJECT_VERSION = 1;
				DEBUG_INFORMATION_FORMAT = dwarf;
				ENABLE_STRICT_OBJC_MSGSEND = YES;
				ENABLE_TESTABILITY = YES;
				GCC_C_LANGUAGE_STANDARD = gnu99;
				GCC_DYNAMIC_NO_PIC = NO;
				GCC_NO_COMMON_BLOCKS = YES;
				GCC_OPTIMIZATION_LEVEL = 0;
				GCC_PREPROCESSOR_DEFINITIONS = (
					"DEBUG=1",
					"$(inherited)",
				);
				GCC_WARN_64_TO_32_BIT_CONVERSION = YES;
				GCC_WARN_ABOUT_RETURN_TYPE = YES_ERROR;
				GCC_WARN_UNDECLARED_SELECTOR = YES;
				GCC_WARN_UNINITIALIZED_AUTOS = YES_AGGRESSIVE;
				GCC_WARN_UNUSED_FUNCTION = YES;
				GCC_WARN_UNUSED_VARIABLE = YES;
				IPHONEOS_DEPLOYMENT_TARGET = 9.0;
				MTL_ENABLE_DEBUG_INFO = YES;
				ONLY_ACTIVE_ARCH = YES;
				SDKROOT = iphoneos;
				TARGETED_DEVICE_FAMILY = "1,2";
				VERSIONING_SYSTEM = "apple-generic";
				VERSION_INFO_PREFIX = "";
			};
			name = Debug;
		};
		485009F61E2FF23C009B6610 /* Release */ = {
			isa = XCBuildConfiguration;
			buildSettings = {
				ALWAYS_SEARCH_USER_PATHS = NO;
				CLANG_ANALYZER_NONNULL = YES;
				CLANG_CXX_LANGUAGE_STANDARD = "gnu++0x";
				CLANG_CXX_LIBRARY = "libc++";
				CLANG_ENABLE_MODULES = YES;
				CLANG_ENABLE_OBJC_ARC = YES;
				CLANG_WARN_BOOL_CONVERSION = YES;
				CLANG_WARN_CONSTANT_CONVERSION = YES;
				CLANG_WARN_DIRECT_OBJC_ISA_USAGE = YES_ERROR;
				CLANG_WARN_DOCUMENTATION_COMMENTS = YES;
				CLANG_WARN_EMPTY_BODY = YES;
				CLANG_WARN_ENUM_CONVERSION = YES;
				CLANG_WARN_INFINITE_RECURSION = YES;
				CLANG_WARN_INT_CONVERSION = YES;
				CLANG_WARN_OBJC_ROOT_CLASS = YES_ERROR;
				CLANG_WARN_SUSPICIOUS_MOVE = YES;
				CLANG_WARN_UNREACHABLE_CODE = YES;
				CLANG_WARN__DUPLICATE_METHOD_MATCH = YES;
				"CODE_SIGN_IDENTITY[sdk=iphoneos*]" = "iPhone Developer";
				COPY_PHASE_STRIP = NO;
				CURRENT_PROJECT_VERSION = 1;
				DEBUG_INFORMATION_FORMAT = "dwarf-with-dsym";
				ENABLE_NS_ASSERTIONS = NO;
				ENABLE_STRICT_OBJC_MSGSEND = YES;
				GCC_C_LANGUAGE_STANDARD = gnu99;
				GCC_NO_COMMON_BLOCKS = YES;
				GCC_WARN_64_TO_32_BIT_CONVERSION = YES;
				GCC_WARN_ABOUT_RETURN_TYPE = YES_ERROR;
				GCC_WARN_UNDECLARED_SELECTOR = YES;
				GCC_WARN_UNINITIALIZED_AUTOS = YES_AGGRESSIVE;
				GCC_WARN_UNUSED_FUNCTION = YES;
				GCC_WARN_UNUSED_VARIABLE = YES;
				IPHONEOS_DEPLOYMENT_TARGET = 9.0;
				MTL_ENABLE_DEBUG_INFO = NO;
				SDKROOT = iphoneos;
				TARGETED_DEVICE_FAMILY = "1,2";
				VALIDATE_PRODUCT = YES;
				VERSIONING_SYSTEM = "apple-generic";
				VERSION_INFO_PREFIX = "";
			};
			name = Release;
		};
		485009F81E2FF23C009B6610 /* Debug */ = {
			isa = XCBuildConfiguration;
			buildSettings = {
				ALWAYS_EMBED_SWIFT_STANDARD_LIBRARIES = YES;
				CLANG_ENABLE_MODULES = YES;
				CLANG_WARN_DOCUMENTATION_COMMENTS = NO;
				CODE_SIGN_IDENTITY = "";
				DEFINES_MODULE = YES;
				DYLIB_COMPATIBILITY_VERSION = 1;
				DYLIB_CURRENT_VERSION = 1;
				DYLIB_INSTALL_NAME_BASE = "@rpath";
				ENABLE_BITCODE = NO;
				FRAMEWORK_SEARCH_PATHS = "";
				HEADER_SEARCH_PATHS = (
					"$(inherited)",
					"$(SRCROOT)/ElectrodeApiImpl/Libraries/ReactNative/**",
				);
				INFOPLIST_FILE = ElectrodeApiImpl/Info.plist;
				INSTALL_PATH = "$(LOCAL_LIBRARY_DIR)/Frameworks";
				IPHONEOS_DEPLOYMENT_TARGET = 9.0;
				LD_RUNPATH_SEARCH_PATHS = "$(inherited) @executable_path/Frameworks @loader_path/Frameworks";
				LIBRARY_SEARCH_PATHS = (
					"$(inherited)",
					"$(SRCROOT)/ElectrodeApiImpl/Libraries/ReactNative/**",
					"$(SRCROOT)/ElectrodeApiImpl/Libraries/CodePush/**",
				);
				OTHER_LDFLAGS = (
					"-ObjC",
					"-lc++",
					"-lz",
				);
				PRODUCT_BUNDLE_IDENTIFIER = com.walmartlabs.ern.ElectrodeApiImpl;
				PRODUCT_NAME = "$(TARGET_NAME)";
				SKIP_INSTALL = YES;
				SWIFT_ACTIVE_COMPILATION_CONDITIONS = DEBUG;
				SWIFT_OPTIMIZATION_LEVEL = "-Onone";
				SWIFT_VERSION = 3.0;
			};
			name = Debug;
		};
		485009F91E2FF23C009B6610 /* Release */ = {
			isa = XCBuildConfiguration;
			buildSettings = {
				CODE_SIGN_IDENTITY = "";
				DEFINES_MODULE = YES;
				DYLIB_COMPATIBILITY_VERSION = 1;
				DYLIB_CURRENT_VERSION = 1;
				DYLIB_INSTALL_NAME_BASE = "@rpath";
				ENABLE_BITCODE = NO;
				FRAMEWORK_SEARCH_PATHS = "";
				HEADER_SEARCH_PATHS = (
					"$(inherited)",
					"$(SRCROOT)/ElectrodeApiImpl/Libraries/ReactNative/**",
					"$(SRCROOT)/ElectrodeApiImpl/Libraries/CodePush/**",
				);
				INFOPLIST_FILE = ElectrodeApiImpl/Info.plist;
				INSTALL_PATH = "$(LOCAL_LIBRARY_DIR)/Frameworks";
				IPHONEOS_DEPLOYMENT_TARGET = 9.0;
				LD_RUNPATH_SEARCH_PATHS = "$(inherited) @executable_path/Frameworks @loader_path/Frameworks";
				LIBRARY_SEARCH_PATHS = (
					"$(inherited)",
					"$(SRCROOT)/ElectrodeApiImpl/Libraries/ReactNative/**",
					"$(SRCROOT)/ElectrodeApiImpl/Libraries/CodePush/**",
				);
				OTHER_LDFLAGS = (
					"-ObjC",
					"-lc++",
					"-lz",
				);
				PRODUCT_BUNDLE_IDENTIFIER = com.walmartlabs.ern.ElectrodeApiImpl;
				PRODUCT_NAME = "$(TARGET_NAME)";
				SKIP_INSTALL = YES;
				SWIFT_VERSION = 3.0;
			};
			name = Release;
		};
		485009FB1E2FF23C009B6610 /* Debug */ = {
			isa = XCBuildConfiguration;
			buildSettings = {
				INFOPLIST_FILE = ElectrodeApiImplTests/Info.plist;
				LD_RUNPATH_SEARCH_PATHS = "$(inherited) @executable_path/Frameworks @loader_path/Frameworks";
				LIBRARY_SEARCH_PATHS = (
					"$(inherited)",
					"$(SRCROOT)/ElectrodeApiImpl/Libraries/ReactNative/**",
					"$(SRCROOT)/ElectrodeApiImpl/Libraries/CodePush/**",
				);
				PRODUCT_BUNDLE_IDENTIFIER = com.walmartlabs.ern.ElectrodeApiImplTests;
				PRODUCT_NAME = "$(TARGET_NAME)";
				TEST_HOST = "";
			};
			name = Debug;
		};
		485009FC1E2FF23C009B6610 /* Release */ = {
			isa = XCBuildConfiguration;
			buildSettings = {
				DEVELOPMENT_TEAM = DXZ5VF8836;
				HEADER_SEARCH_PATHS = (
					"$(inherited)",
					"\"$(SRCROOT)/ElectrodeApiImpl/Libraries/CodePush\"",
				);
				INFOPLIST_FILE = ElectrodeApiImplTests/Info.plist;
				LD_RUNPATH_SEARCH_PATHS = "$(inherited) @executable_path/Frameworks @loader_path/Frameworks";
				LIBRARY_SEARCH_PATHS = (
					"$(inherited)",
					"$(SRCROOT)/ElectrodeApiImpl/Libraries/ReactNative/**",
					"$(SRCROOT)/ElectrodeApiImpl/Libraries/CodePush/**",
				);
				PRODUCT_BUNDLE_IDENTIFIER = com.walmartlabs.ern.ElectrodeApiImplTests;
				PRODUCT_NAME = "$(TARGET_NAME)";
				TEST_HOST = "";
			};
			name = Release;
		};
/* End XCBuildConfiguration section */

/* Begin XCConfigurationList section */
		485009DD1E2FF23B009B6610 /* Build configuration list for PBXProject "ElectrodeApiImpl" */ = {
			isa = XCConfigurationList;
			buildConfigurations = (
				485009F51E2FF23C009B6610 /* Debug */,
				303268E41EA8139700A41A8F /* QADeployment */,
				485009F61E2FF23C009B6610 /* Release */,
			);
			defaultConfigurationIsVisible = 0;
			defaultConfigurationName = Release;
		};
		485009F71E2FF23C009B6610 /* Build configuration list for PBXNativeTarget "ElectrodeApiImpl" */ = {
			isa = XCConfigurationList;
			buildConfigurations = (
				485009F81E2FF23C009B6610 /* Debug */,
				303268E51EA8139700A41A8F /* QADeployment */,
				485009F91E2FF23C009B6610 /* Release */,
			);
			defaultConfigurationIsVisible = 0;
			defaultConfigurationName = Release;
		};
		485009FA1E2FF23C009B6610 /* Build configuration list for PBXNativeTarget "ElectrodeApiImplTests" */ = {
			isa = XCConfigurationList;
			buildConfigurations = (
				485009FB1E2FF23C009B6610 /* Debug */,
				303268E61EA8139700A41A8F /* QADeployment */,
				485009FC1E2FF23C009B6610 /* Release */,
			);
			defaultConfigurationIsVisible = 0;
			defaultConfigurationName = Release;
		};
/* End XCConfigurationList section */
	};
	rootObject = 485009DA1E2FF23B009B6610 /* Project object */;
}
